// !$*UTF8*$!
{
	archiveVersion = 1;
	classes = {
	};
	objectVersion = 46;
	objects = {

/* Begin PBXBuildFile section */
		881C7C6D1BD23AEE009E7285 /* UIBarButtonItem+RSItem.m in Sources */ = {isa = PBXBuildFile; fileRef = 881C7C681BD23AEE009E7285 /* UIBarButtonItem+RSItem.m */; settings = {ASSET_TAGS = (); }; };
		881C7C6E1BD23AEE009E7285 /* UIImage+RSImage.m in Sources */ = {isa = PBXBuildFile; fileRef = 881C7C6A1BD23AEE009E7285 /* UIImage+RSImage.m */; settings = {ASSET_TAGS = (); }; };
		881C7C6F1BD23AEE009E7285 /* UIView+RSFrame.m in Sources */ = {isa = PBXBuildFile; fileRef = 881C7C6C1BD23AEE009E7285 /* UIView+RSFrame.m */; settings = {ASSET_TAGS = (); }; };
		881C7C761BD2433A009E7285 /* RSOAuthController.m in Sources */ = {isa = PBXBuildFile; fileRef = 881C7C751BD2433A009E7285 /* RSOAuthController.m */; settings = {ASSET_TAGS = (); }; };
		881C7C7B1BD24BEA009E7285 /* MBProgressHUD.m in Sources */ = {isa = PBXBuildFile; fileRef = 881C7C7A1BD24BEA009E7285 /* MBProgressHUD.m */; settings = {ASSET_TAGS = (); }; };
		8831AB4C1BCE73C00093CBAB /* RSSearchBar.m in Sources */ = {isa = PBXBuildFile; fileRef = 8831AB4B1BCE73C00093CBAB /* RSSearchBar.m */; settings = {ASSET_TAGS = (); }; };
		8831AB521BCE75780093CBAB /* Assets.xcassets in Resources */ = {isa = PBXBuildFile; fileRef = 8831AB511BCE75780093CBAB /* Assets.xcassets */; settings = {ASSET_TAGS = (); }; };
		886742D81BC7CA8500344180 /* RSNavigationController.m in Sources */ = {isa = PBXBuildFile; fileRef = 886742D71BC7CA8500344180 /* RSNavigationController.m */; settings = {ASSET_TAGS = (); }; };
		886742DB1BC7CAD100344180 /* RSDiscoverViewController.m in Sources */ = {isa = PBXBuildFile; fileRef = 886742DA1BC7CAD100344180 /* RSDiscoverViewController.m */; settings = {ASSET_TAGS = (); }; };
		886742DE1BC7CAE300344180 /* RSHomeViewController.m in Sources */ = {isa = PBXBuildFile; fileRef = 886742DD1BC7CAE300344180 /* RSHomeViewController.m */; settings = {ASSET_TAGS = (); }; };
		886742E11BC7CAF400344180 /* RSMessageViewController.m in Sources */ = {isa = PBXBuildFile; fileRef = 886742E01BC7CAF400344180 /* RSMessageViewController.m */; settings = {ASSET_TAGS = (); }; };
		886742E41BC7CB1A00344180 /* RSProfileViewController.m in Sources */ = {isa = PBXBuildFile; fileRef = 886742E31BC7CB1A00344180 /* RSProfileViewController.m */; settings = {ASSET_TAGS = (); }; };
		886742E71BC8A7CE00344180 /* RSTabBar.m in Sources */ = {isa = PBXBuildFile; fileRef = 886742E61BC8A7CE00344180 /* RSTabBar.m */; settings = {ASSET_TAGS = (); }; };
		886742EA1BC8A9F400344180 /* RSTabBarButton.m in Sources */ = {isa = PBXBuildFile; fileRef = 886742E91BC8A9F400344180 /* RSTabBarButton.m */; settings = {ASSET_TAGS = (); }; };
		886742ED1BC8AA8800344180 /* RSBadgeView.m in Sources */ = {isa = PBXBuildFile; fileRef = 886742EC1BC8AA8800344180 /* RSBadgeView.m */; settings = {ASSET_TAGS = (); }; };
		8879FE991BD473DD00D77EF2 /* AFHTTPRequestOperation.m in Sources */ = {isa = PBXBuildFile; fileRef = 8879FE871BD473DD00D77EF2 /* AFHTTPRequestOperation.m */; settings = {ASSET_TAGS = (); }; };
		8879FE9A1BD473DD00D77EF2 /* AFHTTPRequestOperationManager.m in Sources */ = {isa = PBXBuildFile; fileRef = 8879FE891BD473DD00D77EF2 /* AFHTTPRequestOperationManager.m */; settings = {ASSET_TAGS = (); }; };
		8879FE9B1BD473DD00D77EF2 /* AFHTTPSessionManager.m in Sources */ = {isa = PBXBuildFile; fileRef = 8879FE8B1BD473DD00D77EF2 /* AFHTTPSessionManager.m */; settings = {ASSET_TAGS = (); }; };
		8879FE9C1BD473DD00D77EF2 /* AFNetworkReachabilityManager.m in Sources */ = {isa = PBXBuildFile; fileRef = 8879FE8E1BD473DD00D77EF2 /* AFNetworkReachabilityManager.m */; settings = {ASSET_TAGS = (); }; };
		8879FE9D1BD473DD00D77EF2 /* AFSecurityPolicy.m in Sources */ = {isa = PBXBuildFile; fileRef = 8879FE901BD473DD00D77EF2 /* AFSecurityPolicy.m */; settings = {ASSET_TAGS = (); }; };
		8879FE9E1BD473DD00D77EF2 /* AFURLConnectionOperation.m in Sources */ = {isa = PBXBuildFile; fileRef = 8879FE921BD473DD00D77EF2 /* AFURLConnectionOperation.m */; settings = {ASSET_TAGS = (); }; };
		8879FE9F1BD473DD00D77EF2 /* AFURLRequestSerialization.m in Sources */ = {isa = PBXBuildFile; fileRef = 8879FE941BD473DD00D77EF2 /* AFURLRequestSerialization.m */; settings = {ASSET_TAGS = (); }; };
		8879FEA01BD473DD00D77EF2 /* AFURLResponseSerialization.m in Sources */ = {isa = PBXBuildFile; fileRef = 8879FE961BD473DD00D77EF2 /* AFURLResponseSerialization.m */; settings = {ASSET_TAGS = (); }; };
		8879FEA11BD473DD00D77EF2 /* AFURLSessionManager.m in Sources */ = {isa = PBXBuildFile; fileRef = 8879FE981BD473DD00D77EF2 /* AFURLSessionManager.m */; settings = {ASSET_TAGS = (); }; };
		8879FEA41BD4891000D77EF2 /* RSAccount.m in Sources */ = {isa = PBXBuildFile; fileRef = 8879FEA31BD4891000D77EF2 /* RSAccount.m */; settings = {ASSET_TAGS = (); }; };
		8879FEAA1BD48D0600D77EF2 /* RSAccountTool.m in Sources */ = {isa = PBXBuildFile; fileRef = 8879FEA91BD48D0600D77EF2 /* RSAccountTool.m */; settings = {ASSET_TAGS = (); }; };
		8879FEAD1BD4958C00D77EF2 /* RSRootVCTool.m in Sources */ = {isa = PBXBuildFile; fileRef = 8879FEAC1BD4958C00D77EF2 /* RSRootVCTool.m */; settings = {ASSET_TAGS = (); }; };
		8879FEC61BD4C8B900D77EF2 /* MJDictionaryCache.m in Sources */ = {isa = PBXBuildFile; fileRef = 8879FEB01BD4C8B900D77EF2 /* MJDictionaryCache.m */; settings = {ASSET_TAGS = (); }; };
		8879FEC71BD4C8B900D77EF2 /* MJExtensionConst.m in Sources */ = {isa = PBXBuildFile; fileRef = 8879FEB31BD4C8B900D77EF2 /* MJExtensionConst.m */; settings = {ASSET_TAGS = (); }; };
		8879FEC81BD4C8B900D77EF2 /* MJFoundation.m in Sources */ = {isa = PBXBuildFile; fileRef = 8879FEB51BD4C8B900D77EF2 /* MJFoundation.m */; settings = {ASSET_TAGS = (); }; };
		8879FEC91BD4C8B900D77EF2 /* MJProperty.m in Sources */ = {isa = PBXBuildFile; fileRef = 8879FEB71BD4C8B900D77EF2 /* MJProperty.m */; settings = {ASSET_TAGS = (); }; };
		8879FECA1BD4C8B900D77EF2 /* MJPropertyKey.m in Sources */ = {isa = PBXBuildFile; fileRef = 8879FEB91BD4C8B900D77EF2 /* MJPropertyKey.m */; settings = {ASSET_TAGS = (); }; };
		8879FECB1BD4C8B900D77EF2 /* MJPropertyType.m in Sources */ = {isa = PBXBuildFile; fileRef = 8879FEBB1BD4C8B900D77EF2 /* MJPropertyType.m */; settings = {ASSET_TAGS = (); }; };
		8879FECC1BD4C8B900D77EF2 /* NSObject+MJClass.m in Sources */ = {isa = PBXBuildFile; fileRef = 8879FEBD1BD4C8B900D77EF2 /* NSObject+MJClass.m */; settings = {ASSET_TAGS = (); }; };
		8879FECD1BD4C8B900D77EF2 /* NSObject+MJCoding.m in Sources */ = {isa = PBXBuildFile; fileRef = 8879FEBF1BD4C8B900D77EF2 /* NSObject+MJCoding.m */; settings = {ASSET_TAGS = (); }; };
		8879FECE1BD4C8B900D77EF2 /* NSObject+MJKeyValue.m in Sources */ = {isa = PBXBuildFile; fileRef = 8879FEC11BD4C8B900D77EF2 /* NSObject+MJKeyValue.m */; settings = {ASSET_TAGS = (); }; };
		8879FECF1BD4C8B900D77EF2 /* NSObject+MJProperty.m in Sources */ = {isa = PBXBuildFile; fileRef = 8879FEC31BD4C8B900D77EF2 /* NSObject+MJProperty.m */; settings = {ASSET_TAGS = (); }; };
		8879FED01BD4C8B900D77EF2 /* NSString+MJExtension.m in Sources */ = {isa = PBXBuildFile; fileRef = 8879FEC51BD4C8B900D77EF2 /* NSString+MJExtension.m */; settings = {ASSET_TAGS = (); }; };
		8879FEFE1BD4C8CB00D77EF2 /* MJRefreshAutoFooter.m in Sources */ = {isa = PBXBuildFile; fileRef = 8879FED41BD4C8CB00D77EF2 /* MJRefreshAutoFooter.m */; settings = {ASSET_TAGS = (); }; };
		8879FEFF1BD4C8CB00D77EF2 /* MJRefreshBackFooter.m in Sources */ = {isa = PBXBuildFile; fileRef = 8879FED61BD4C8CB00D77EF2 /* MJRefreshBackFooter.m */; settings = {ASSET_TAGS = (); }; };
		8879FF001BD4C8CB00D77EF2 /* MJRefreshComponent.m in Sources */ = {isa = PBXBuildFile; fileRef = 8879FED81BD4C8CB00D77EF2 /* MJRefreshComponent.m */; settings = {ASSET_TAGS = (); }; };
		8879FF011BD4C8CB00D77EF2 /* MJRefreshFooter.m in Sources */ = {isa = PBXBuildFile; fileRef = 8879FEDA1BD4C8CB00D77EF2 /* MJRefreshFooter.m */; settings = {ASSET_TAGS = (); }; };
		8879FF021BD4C8CB00D77EF2 /* MJRefreshHeader.m in Sources */ = {isa = PBXBuildFile; fileRef = 8879FEDC1BD4C8CB00D77EF2 /* MJRefreshHeader.m */; settings = {ASSET_TAGS = (); }; };
		8879FF031BD4C8CB00D77EF2 /* MJRefreshAutoGifFooter.m in Sources */ = {isa = PBXBuildFile; fileRef = 8879FEE11BD4C8CB00D77EF2 /* MJRefreshAutoGifFooter.m */; settings = {ASSET_TAGS = (); }; };
		8879FF041BD4C8CB00D77EF2 /* MJRefreshAutoNormalFooter.m in Sources */ = {isa = PBXBuildFile; fileRef = 8879FEE31BD4C8CB00D77EF2 /* MJRefreshAutoNormalFooter.m */; settings = {ASSET_TAGS = (); }; };
		8879FF051BD4C8CB00D77EF2 /* MJRefreshAutoStateFooter.m in Sources */ = {isa = PBXBuildFile; fileRef = 8879FEE51BD4C8CB00D77EF2 /* MJRefreshAutoStateFooter.m */; settings = {ASSET_TAGS = (); }; };
		8879FF061BD4C8CB00D77EF2 /* MJRefreshBackGifFooter.m in Sources */ = {isa = PBXBuildFile; fileRef = 8879FEE81BD4C8CB00D77EF2 /* MJRefreshBackGifFooter.m */; settings = {ASSET_TAGS = (); }; };
		8879FF071BD4C8CB00D77EF2 /* MJRefreshBackNormalFooter.m in Sources */ = {isa = PBXBuildFile; fileRef = 8879FEEA1BD4C8CB00D77EF2 /* MJRefreshBackNormalFooter.m */; settings = {ASSET_TAGS = (); }; };
		8879FF081BD4C8CB00D77EF2 /* MJRefreshBackStateFooter.m in Sources */ = {isa = PBXBuildFile; fileRef = 8879FEEC1BD4C8CB00D77EF2 /* MJRefreshBackStateFooter.m */; settings = {ASSET_TAGS = (); }; };
		8879FF091BD4C8CB00D77EF2 /* MJRefreshGifHeader.m in Sources */ = {isa = PBXBuildFile; fileRef = 8879FEEF1BD4C8CB00D77EF2 /* MJRefreshGifHeader.m */; settings = {ASSET_TAGS = (); }; };
		8879FF0A1BD4C8CB00D77EF2 /* MJRefreshNormalHeader.m in Sources */ = {isa = PBXBuildFile; fileRef = 8879FEF11BD4C8CB00D77EF2 /* MJRefreshNormalHeader.m */; settings = {ASSET_TAGS = (); }; };
		8879FF0B1BD4C8CB00D77EF2 /* MJRefreshStateHeader.m in Sources */ = {isa = PBXBuildFile; fileRef = 8879FEF31BD4C8CB00D77EF2 /* MJRefreshStateHeader.m */; settings = {ASSET_TAGS = (); }; };
		8879FF0C1BD4C8CB00D77EF2 /* MJRefresh.bundle in Resources */ = {isa = PBXBuildFile; fileRef = 8879FEF41BD4C8CB00D77EF2 /* MJRefresh.bundle */; settings = {ASSET_TAGS = (); }; };
		8879FF0D1BD4C8CB00D77EF2 /* MJRefreshConst.m in Sources */ = {isa = PBXBuildFile; fileRef = 8879FEF71BD4C8CB00D77EF2 /* MJRefreshConst.m */; settings = {ASSET_TAGS = (); }; };
		8879FF0E1BD4C8CB00D77EF2 /* UIScrollView+MJExtension.m in Sources */ = {isa = PBXBuildFile; fileRef = 8879FEF91BD4C8CB00D77EF2 /* UIScrollView+MJExtension.m */; settings = {ASSET_TAGS = (); }; };
		8879FF0F1BD4C8CB00D77EF2 /* UIScrollView+MJRefresh.m in Sources */ = {isa = PBXBuildFile; fileRef = 8879FEFB1BD4C8CB00D77EF2 /* UIScrollView+MJRefresh.m */; settings = {ASSET_TAGS = (); }; };
		8879FF101BD4C8CB00D77EF2 /* UIView+MJExtension.m in Sources */ = {isa = PBXBuildFile; fileRef = 8879FEFD1BD4C8CB00D77EF2 /* UIView+MJExtension.m */; settings = {ASSET_TAGS = (); }; };
		8879FF131BD4C97D00D77EF2 /* RSStatus.m in Sources */ = {isa = PBXBuildFile; fileRef = 8879FF121BD4C97D00D77EF2 /* RSStatus.m */; settings = {ASSET_TAGS = (); }; };
		8879FF161BD4CCA600D77EF2 /* RSUser.m in Sources */ = {isa = PBXBuildFile; fileRef = 8879FF151BD4CCA600D77EF2 /* RSUser.m */; settings = {ASSET_TAGS = (); }; };
		8879FF191BD4CCD600D77EF2 /* RSPhoto.m in Sources */ = {isa = PBXBuildFile; fileRef = 8879FF181BD4CCD600D77EF2 /* RSPhoto.m */; settings = {ASSET_TAGS = (); }; };
		8879FF3C1BD4DF5500D77EF2 /* MKAnnotationView+WebCache.m in Sources */ = {isa = PBXBuildFile; fileRef = 8879FF1C1BD4DF5500D77EF2 /* MKAnnotationView+WebCache.m */; settings = {ASSET_TAGS = (); }; };
		8879FF3D1BD4DF5500D77EF2 /* NSData+ImageContentType.m in Sources */ = {isa = PBXBuildFile; fileRef = 8879FF1E1BD4DF5500D77EF2 /* NSData+ImageContentType.m */; settings = {ASSET_TAGS = (); }; };
		8879FF3E1BD4DF5500D77EF2 /* SDImageCache.m in Sources */ = {isa = PBXBuildFile; fileRef = 8879FF201BD4DF5500D77EF2 /* SDImageCache.m */; settings = {ASSET_TAGS = (); }; };
		8879FF3F1BD4DF5500D77EF2 /* SDWebImageCompat.m in Sources */ = {isa = PBXBuildFile; fileRef = 8879FF221BD4DF5500D77EF2 /* SDWebImageCompat.m */; settings = {ASSET_TAGS = (); }; };
		8879FF401BD4DF5500D77EF2 /* SDWebImageDecoder.m in Sources */ = {isa = PBXBuildFile; fileRef = 8879FF241BD4DF5500D77EF2 /* SDWebImageDecoder.m */; settings = {ASSET_TAGS = (); }; };
		8879FF411BD4DF5500D77EF2 /* SDWebImageDownloader.m in Sources */ = {isa = PBXBuildFile; fileRef = 8879FF261BD4DF5500D77EF2 /* SDWebImageDownloader.m */; settings = {ASSET_TAGS = (); }; };
		8879FF421BD4DF5500D77EF2 /* SDWebImageDownloaderOperation.m in Sources */ = {isa = PBXBuildFile; fileRef = 8879FF281BD4DF5500D77EF2 /* SDWebImageDownloaderOperation.m */; settings = {ASSET_TAGS = (); }; };
		8879FF431BD4DF5500D77EF2 /* SDWebImageManager.m in Sources */ = {isa = PBXBuildFile; fileRef = 8879FF2A1BD4DF5500D77EF2 /* SDWebImageManager.m */; settings = {ASSET_TAGS = (); }; };
		8879FF441BD4DF5500D77EF2 /* SDWebImagePrefetcher.m in Sources */ = {isa = PBXBuildFile; fileRef = 8879FF2D1BD4DF5500D77EF2 /* SDWebImagePrefetcher.m */; settings = {ASSET_TAGS = (); }; };
		8879FF451BD4DF5600D77EF2 /* UIButton+WebCache.m in Sources */ = {isa = PBXBuildFile; fileRef = 8879FF2F1BD4DF5500D77EF2 /* UIButton+WebCache.m */; settings = {ASSET_TAGS = (); }; };
		8879FF461BD4DF5600D77EF2 /* UIImage+GIF.m in Sources */ = {isa = PBXBuildFile; fileRef = 8879FF311BD4DF5500D77EF2 /* UIImage+GIF.m */; settings = {ASSET_TAGS = (); }; };
		8879FF471BD4DF5600D77EF2 /* UIImage+MultiFormat.m in Sources */ = {isa = PBXBuildFile; fileRef = 8879FF331BD4DF5500D77EF2 /* UIImage+MultiFormat.m */; settings = {ASSET_TAGS = (); }; };
		8879FF481BD4DF5600D77EF2 /* UIImage+WebP.m in Sources */ = {isa = PBXBuildFile; fileRef = 8879FF351BD4DF5500D77EF2 /* UIImage+WebP.m */; settings = {ASSET_TAGS = (); }; };
		8879FF491BD4DF5600D77EF2 /* UIImageView+HighlightedWebCache.m in Sources */ = {isa = PBXBuildFile; fileRef = 8879FF371BD4DF5500D77EF2 /* UIImageView+HighlightedWebCache.m */; settings = {ASSET_TAGS = (); }; };
		8879FF4A1BD4DF5600D77EF2 /* UIImageView+WebCache.m in Sources */ = {isa = PBXBuildFile; fileRef = 8879FF391BD4DF5500D77EF2 /* UIImageView+WebCache.m */; settings = {ASSET_TAGS = (); }; };
		8879FF4B1BD4DF5600D77EF2 /* UIView+WebCacheOperation.m in Sources */ = {isa = PBXBuildFile; fileRef = 8879FF3B1BD4DF5500D77EF2 /* UIView+WebCacheOperation.m */; settings = {ASSET_TAGS = (); }; };
		88C4CE0D1BCCA9500055A949 /* RSTitleButton.m in Sources */ = {isa = PBXBuildFile; fileRef = 88C4CE0C1BCCA9500055A949 /* RSTitleButton.m */; settings = {ASSET_TAGS = (); }; };
		88C4CE101BCCA9C70055A949 /* RSPopMenu.m in Sources */ = {isa = PBXBuildFile; fileRef = 88C4CE0F1BCCA9C70055A949 /* RSPopMenu.m */; settings = {ASSET_TAGS = (); }; };
		88C4CE131BCCA9DC0055A949 /* RSCover.m in Sources */ = {isa = PBXBuildFile; fileRef = 88C4CE121BCCA9DC0055A949 /* RSCover.m */; settings = {ASSET_TAGS = (); }; };
		88CF97621BC6821B004E0C81 /* RSTabBarController.m in Sources */ = {isa = PBXBuildFile; fileRef = 88CF97511BC6821B004E0C81 /* RSTabBarController.m */; settings = {ASSET_TAGS = (); }; };
		88CF97641BC6821B004E0C81 /* AppDelegate.m in Sources */ = {isa = PBXBuildFile; fileRef = 88CF975C1BC6821B004E0C81 /* AppDelegate.m */; settings = {ASSET_TAGS = (); }; };
		88CF97651BC6821B004E0C81 /* main.m in Sources */ = {isa = PBXBuildFile; fileRef = 88CF975D1BC6821B004E0C81 /* main.m */; settings = {ASSET_TAGS = (); }; };
		88D183281BC64D8C00FABF52 /* _______Tests.m in Sources */ = {isa = PBXBuildFile; fileRef = 88D183271BC64D8C00FABF52 /* _______Tests.m */; };
		88D183331BC64D8D00FABF52 /* _______UITests.m in Sources */ = {isa = PBXBuildFile; fileRef = 88D183321BC64D8D00FABF52 /* _______UITests.m */; };
		88D5E78F1BD614C100B2DDEA /* RSHttpTool.m in Sources */ = {isa = PBXBuildFile; fileRef = 88D5E78E1BD614C100B2DDEA /* RSHttpTool.m */; settings = {ASSET_TAGS = (); }; };
		88D5E7951BD61F9C00B2DDEA /* RSStatusParam.m in Sources */ = {isa = PBXBuildFile; fileRef = 88D5E7941BD61F9C00B2DDEA /* RSStatusParam.m */; settings = {ASSET_TAGS = (); }; };
		88D5E79B1BD6211600B2DDEA /* RSStatusTool.m in Sources */ = {isa = PBXBuildFile; fileRef = 88D5E79A1BD6211600B2DDEA /* RSStatusTool.m */; settings = {ASSET_TAGS = (); }; };
		88D5E79E1BD6243E00B2DDEA /* RSStatusResult.m in Sources */ = {isa = PBXBuildFile; fileRef = 88D5E79D1BD6243E00B2DDEA /* RSStatusResult.m */; settings = {ASSET_TAGS = (); }; };
		88D5E7A21BD651C000B2DDEA /* RSAccountParam.m in Sources */ = {isa = PBXBuildFile; fileRef = 88D5E7A11BD651BF00B2DDEA /* RSAccountParam.m */; settings = {ASSET_TAGS = (); }; };
		88E1C4B51BCE27BD006FBECF /* RSMenuViewController.m in Sources */ = {isa = PBXBuildFile; fileRef = 88E1C4B41BCE27BD006FBECF /* RSMenuViewController.m */; settings = {ASSET_TAGS = (); }; };
		88E51D391BCF942200BC42C0 /* RSNewFeatureController.m in Sources */ = {isa = PBXBuildFile; fileRef = 88E51D381BCF942100BC42C0 /* RSNewFeatureController.m */; settings = {ASSET_TAGS = (); }; };
		88E51D3C1BCF95B600BC42C0 /* RSNewFeatureCell.m in Sources */ = {isa = PBXBuildFile; fileRef = 88E51D3B1BCF95B600BC42C0 /* RSNewFeatureCell.m */; settings = {ASSET_TAGS = (); }; };
/* End PBXBuildFile section */

/* Begin PBXContainerItemProxy section */
		88D183241BC64D8C00FABF52 /* PBXContainerItemProxy */ = {
			isa = PBXContainerItemProxy;
			containerPortal = 88D183021BC64D8C00FABF52 /* Project object */;
			proxyType = 1;
			remoteGlobalIDString = 88D183091BC64D8C00FABF52;
			remoteInfo = "私人定制-微博";
		};
		88D1832F1BC64D8D00FABF52 /* PBXContainerItemProxy */ = {
			isa = PBXContainerItemProxy;
			containerPortal = 88D183021BC64D8C00FABF52 /* Project object */;
			proxyType = 1;
			remoteGlobalIDString = 88D183091BC64D8C00FABF52;
			remoteInfo = "私人定制-微博";
		};
/* End PBXContainerItemProxy section */

/* Begin PBXFileReference section */
		881C7C671BD23AEE009E7285 /* UIBarButtonItem+RSItem.h */ = {isa = PBXFileReference; fileEncoding = 4; lastKnownFileType = sourcecode.c.h; path = "UIBarButtonItem+RSItem.h"; sourceTree = "<group>"; };
		881C7C681BD23AEE009E7285 /* UIBarButtonItem+RSItem.m */ = {isa = PBXFileReference; fileEncoding = 4; lastKnownFileType = sourcecode.c.objc; path = "UIBarButtonItem+RSItem.m"; sourceTree = "<group>"; };
		881C7C691BD23AEE009E7285 /* UIImage+RSImage.h */ = {isa = PBXFileReference; fileEncoding = 4; lastKnownFileType = sourcecode.c.h; path = "UIImage+RSImage.h"; sourceTree = "<group>"; };
		881C7C6A1BD23AEE009E7285 /* UIImage+RSImage.m */ = {isa = PBXFileReference; fileEncoding = 4; lastKnownFileType = sourcecode.c.objc; path = "UIImage+RSImage.m"; sourceTree = "<group>"; };
		881C7C6B1BD23AEE009E7285 /* UIView+RSFrame.h */ = {isa = PBXFileReference; fileEncoding = 4; lastKnownFileType = sourcecode.c.h; path = "UIView+RSFrame.h"; sourceTree = "<group>"; };
		881C7C6C1BD23AEE009E7285 /* UIView+RSFrame.m */ = {isa = PBXFileReference; fileEncoding = 4; lastKnownFileType = sourcecode.c.objc; path = "UIView+RSFrame.m"; sourceTree = "<group>"; };
		881C7C741BD2433A009E7285 /* RSOAuthController.h */ = {isa = PBXFileReference; fileEncoding = 4; lastKnownFileType = sourcecode.c.h; path = RSOAuthController.h; sourceTree = "<group>"; };
		881C7C751BD2433A009E7285 /* RSOAuthController.m */ = {isa = PBXFileReference; fileEncoding = 4; lastKnownFileType = sourcecode.c.objc; path = RSOAuthController.m; sourceTree = "<group>"; };
		881C7C791BD24BEA009E7285 /* MBProgressHUD.h */ = {isa = PBXFileReference; fileEncoding = 4; lastKnownFileType = sourcecode.c.h; path = MBProgressHUD.h; sourceTree = "<group>"; };
		881C7C7A1BD24BEA009E7285 /* MBProgressHUD.m */ = {isa = PBXFileReference; fileEncoding = 4; lastKnownFileType = sourcecode.c.objc; path = MBProgressHUD.m; sourceTree = "<group>"; };
		8831AB4A1BCE73C00093CBAB /* RSSearchBar.h */ = {isa = PBXFileReference; fileEncoding = 4; lastKnownFileType = sourcecode.c.h; path = RSSearchBar.h; sourceTree = "<group>"; };
		8831AB4B1BCE73C00093CBAB /* RSSearchBar.m */ = {isa = PBXFileReference; fileEncoding = 4; lastKnownFileType = sourcecode.c.objc; path = RSSearchBar.m; sourceTree = "<group>"; };
		8831AB511BCE75780093CBAB /* Assets.xcassets */ = {isa = PBXFileReference; lastKnownFileType = folder.assetcatalog; path = Assets.xcassets; sourceTree = "<group>"; };
		886742D61BC7CA8500344180 /* RSNavigationController.h */ = {isa = PBXFileReference; fileEncoding = 4; lastKnownFileType = sourcecode.c.h; path = RSNavigationController.h; sourceTree = "<group>"; };
		886742D71BC7CA8500344180 /* RSNavigationController.m */ = {isa = PBXFileReference; fileEncoding = 4; lastKnownFileType = sourcecode.c.objc; path = RSNavigationController.m; sourceTree = "<group>"; };
		886742D91BC7CAD100344180 /* RSDiscoverViewController.h */ = {isa = PBXFileReference; fileEncoding = 4; lastKnownFileType = sourcecode.c.h; path = RSDiscoverViewController.h; sourceTree = "<group>"; };
		886742DA1BC7CAD100344180 /* RSDiscoverViewController.m */ = {isa = PBXFileReference; fileEncoding = 4; lastKnownFileType = sourcecode.c.objc; path = RSDiscoverViewController.m; sourceTree = "<group>"; };
		886742DC1BC7CAE300344180 /* RSHomeViewController.h */ = {isa = PBXFileReference; fileEncoding = 4; lastKnownFileType = sourcecode.c.h; path = RSHomeViewController.h; sourceTree = "<group>"; };
		886742DD1BC7CAE300344180 /* RSHomeViewController.m */ = {isa = PBXFileReference; fileEncoding = 4; lastKnownFileType = sourcecode.c.objc; path = RSHomeViewController.m; sourceTree = "<group>"; };
		886742DF1BC7CAF400344180 /* RSMessageViewController.h */ = {isa = PBXFileReference; fileEncoding = 4; lastKnownFileType = sourcecode.c.h; name = RSMessageViewController.h; path = ../RSMessageViewController.h; sourceTree = "<group>"; };
		886742E01BC7CAF400344180 /* RSMessageViewController.m */ = {isa = PBXFileReference; fileEncoding = 4; lastKnownFileType = sourcecode.c.objc; name = RSMessageViewController.m; path = ../RSMessageViewController.m; sourceTree = "<group>"; };
		886742E21BC7CB1A00344180 /* RSProfileViewController.h */ = {isa = PBXFileReference; fileEncoding = 4; lastKnownFileType = sourcecode.c.h; path = RSProfileViewController.h; sourceTree = "<group>"; };
		886742E31BC7CB1A00344180 /* RSProfileViewController.m */ = {isa = PBXFileReference; fileEncoding = 4; lastKnownFileType = sourcecode.c.objc; path = RSProfileViewController.m; sourceTree = "<group>"; };
		886742E51BC8A7CE00344180 /* RSTabBar.h */ = {isa = PBXFileReference; fileEncoding = 4; lastKnownFileType = sourcecode.c.h; path = RSTabBar.h; sourceTree = "<group>"; };
		886742E61BC8A7CE00344180 /* RSTabBar.m */ = {isa = PBXFileReference; fileEncoding = 4; lastKnownFileType = sourcecode.c.objc; path = RSTabBar.m; sourceTree = "<group>"; };
		886742E81BC8A9F400344180 /* RSTabBarButton.h */ = {isa = PBXFileReference; fileEncoding = 4; lastKnownFileType = sourcecode.c.h; path = RSTabBarButton.h; sourceTree = "<group>"; };
		886742E91BC8A9F400344180 /* RSTabBarButton.m */ = {isa = PBXFileReference; fileEncoding = 4; lastKnownFileType = sourcecode.c.objc; path = RSTabBarButton.m; sourceTree = "<group>"; };
		886742EB1BC8AA8800344180 /* RSBadgeView.h */ = {isa = PBXFileReference; fileEncoding = 4; lastKnownFileType = sourcecode.c.h; path = RSBadgeView.h; sourceTree = "<group>"; };
		886742EC1BC8AA8800344180 /* RSBadgeView.m */ = {isa = PBXFileReference; fileEncoding = 4; lastKnownFileType = sourcecode.c.objc; path = RSBadgeView.m; sourceTree = "<group>"; };
		8879FE861BD473DD00D77EF2 /* AFHTTPRequestOperation.h */ = {isa = PBXFileReference; fileEncoding = 4; lastKnownFileType = sourcecode.c.h; path = AFHTTPRequestOperation.h; sourceTree = "<group>"; };
		8879FE871BD473DD00D77EF2 /* AFHTTPRequestOperation.m */ = {isa = PBXFileReference; fileEncoding = 4; lastKnownFileType = sourcecode.c.objc; path = AFHTTPRequestOperation.m; sourceTree = "<group>"; };
		8879FE881BD473DD00D77EF2 /* AFHTTPRequestOperationManager.h */ = {isa = PBXFileReference; fileEncoding = 4; lastKnownFileType = sourcecode.c.h; path = AFHTTPRequestOperationManager.h; sourceTree = "<group>"; };
		8879FE891BD473DD00D77EF2 /* AFHTTPRequestOperationManager.m */ = {isa = PBXFileReference; fileEncoding = 4; lastKnownFileType = sourcecode.c.objc; path = AFHTTPRequestOperationManager.m; sourceTree = "<group>"; };
		8879FE8A1BD473DD00D77EF2 /* AFHTTPSessionManager.h */ = {isa = PBXFileReference; fileEncoding = 4; lastKnownFileType = sourcecode.c.h; path = AFHTTPSessionManager.h; sourceTree = "<group>"; };
		8879FE8B1BD473DD00D77EF2 /* AFHTTPSessionManager.m */ = {isa = PBXFileReference; fileEncoding = 4; lastKnownFileType = sourcecode.c.objc; path = AFHTTPSessionManager.m; sourceTree = "<group>"; };
		8879FE8C1BD473DD00D77EF2 /* AFNetworking.h */ = {isa = PBXFileReference; fileEncoding = 4; lastKnownFileType = sourcecode.c.h; path = AFNetworking.h; sourceTree = "<group>"; };
		8879FE8D1BD473DD00D77EF2 /* AFNetworkReachabilityManager.h */ = {isa = PBXFileReference; fileEncoding = 4; lastKnownFileType = sourcecode.c.h; path = AFNetworkReachabilityManager.h; sourceTree = "<group>"; };
		8879FE8E1BD473DD00D77EF2 /* AFNetworkReachabilityManager.m */ = {isa = PBXFileReference; fileEncoding = 4; lastKnownFileType = sourcecode.c.objc; path = AFNetworkReachabilityManager.m; sourceTree = "<group>"; };
		8879FE8F1BD473DD00D77EF2 /* AFSecurityPolicy.h */ = {isa = PBXFileReference; fileEncoding = 4; lastKnownFileType = sourcecode.c.h; path = AFSecurityPolicy.h; sourceTree = "<group>"; };
		8879FE901BD473DD00D77EF2 /* AFSecurityPolicy.m */ = {isa = PBXFileReference; fileEncoding = 4; lastKnownFileType = sourcecode.c.objc; path = AFSecurityPolicy.m; sourceTree = "<group>"; };
		8879FE911BD473DD00D77EF2 /* AFURLConnectionOperation.h */ = {isa = PBXFileReference; fileEncoding = 4; lastKnownFileType = sourcecode.c.h; path = AFURLConnectionOperation.h; sourceTree = "<group>"; };
		8879FE921BD473DD00D77EF2 /* AFURLConnectionOperation.m */ = {isa = PBXFileReference; fileEncoding = 4; lastKnownFileType = sourcecode.c.objc; path = AFURLConnectionOperation.m; sourceTree = "<group>"; };
		8879FE931BD473DD00D77EF2 /* AFURLRequestSerialization.h */ = {isa = PBXFileReference; fileEncoding = 4; lastKnownFileType = sourcecode.c.h; path = AFURLRequestSerialization.h; sourceTree = "<group>"; };
		8879FE941BD473DD00D77EF2 /* AFURLRequestSerialization.m */ = {isa = PBXFileReference; fileEncoding = 4; lastKnownFileType = sourcecode.c.objc; path = AFURLRequestSerialization.m; sourceTree = "<group>"; };
		8879FE951BD473DD00D77EF2 /* AFURLResponseSerialization.h */ = {isa = PBXFileReference; fileEncoding = 4; lastKnownFileType = sourcecode.c.h; path = AFURLResponseSerialization.h; sourceTree = "<group>"; };
		8879FE961BD473DD00D77EF2 /* AFURLResponseSerialization.m */ = {isa = PBXFileReference; fileEncoding = 4; lastKnownFileType = sourcecode.c.objc; path = AFURLResponseSerialization.m; sourceTree = "<group>"; };
		8879FE971BD473DD00D77EF2 /* AFURLSessionManager.h */ = {isa = PBXFileReference; fileEncoding = 4; lastKnownFileType = sourcecode.c.h; path = AFURLSessionManager.h; sourceTree = "<group>"; };
		8879FE981BD473DD00D77EF2 /* AFURLSessionManager.m */ = {isa = PBXFileReference; fileEncoding = 4; lastKnownFileType = sourcecode.c.objc; path = AFURLSessionManager.m; sourceTree = "<group>"; };
		8879FEA21BD4891000D77EF2 /* RSAccount.h */ = {isa = PBXFileReference; fileEncoding = 4; lastKnownFileType = sourcecode.c.h; path = RSAccount.h; sourceTree = "<group>"; };
		8879FEA31BD4891000D77EF2 /* RSAccount.m */ = {isa = PBXFileReference; fileEncoding = 4; lastKnownFileType = sourcecode.c.objc; path = RSAccount.m; sourceTree = "<group>"; };
		8879FEA81BD48D0600D77EF2 /* RSAccountTool.h */ = {isa = PBXFileReference; fileEncoding = 4; lastKnownFileType = sourcecode.c.h; path = RSAccountTool.h; sourceTree = "<group>"; };
		8879FEA91BD48D0600D77EF2 /* RSAccountTool.m */ = {isa = PBXFileReference; fileEncoding = 4; lastKnownFileType = sourcecode.c.objc; path = RSAccountTool.m; sourceTree = "<group>"; };
		8879FEAB1BD4958C00D77EF2 /* RSRootVCTool.h */ = {isa = PBXFileReference; fileEncoding = 4; lastKnownFileType = sourcecode.c.h; path = RSRootVCTool.h; sourceTree = "<group>"; };
		8879FEAC1BD4958C00D77EF2 /* RSRootVCTool.m */ = {isa = PBXFileReference; fileEncoding = 4; lastKnownFileType = sourcecode.c.objc; path = RSRootVCTool.m; sourceTree = "<group>"; };
		8879FEAF1BD4C8B900D77EF2 /* MJDictionaryCache.h */ = {isa = PBXFileReference; fileEncoding = 4; lastKnownFileType = sourcecode.c.h; path = MJDictionaryCache.h; sourceTree = "<group>"; };
		8879FEB01BD4C8B900D77EF2 /* MJDictionaryCache.m */ = {isa = PBXFileReference; fileEncoding = 4; lastKnownFileType = sourcecode.c.objc; path = MJDictionaryCache.m; sourceTree = "<group>"; };
		8879FEB11BD4C8B900D77EF2 /* MJExtension.h */ = {isa = PBXFileReference; fileEncoding = 4; lastKnownFileType = sourcecode.c.h; path = MJExtension.h; sourceTree = "<group>"; };
		8879FEB21BD4C8B900D77EF2 /* MJExtensionConst.h */ = {isa = PBXFileReference; fileEncoding = 4; lastKnownFileType = sourcecode.c.h; path = MJExtensionConst.h; sourceTree = "<group>"; };
		8879FEB31BD4C8B900D77EF2 /* MJExtensionConst.m */ = {isa = PBXFileReference; fileEncoding = 4; lastKnownFileType = sourcecode.c.objc; path = MJExtensionConst.m; sourceTree = "<group>"; };
		8879FEB41BD4C8B900D77EF2 /* MJFoundation.h */ = {isa = PBXFileReference; fileEncoding = 4; lastKnownFileType = sourcecode.c.h; path = MJFoundation.h; sourceTree = "<group>"; };
		8879FEB51BD4C8B900D77EF2 /* MJFoundation.m */ = {isa = PBXFileReference; fileEncoding = 4; lastKnownFileType = sourcecode.c.objc; path = MJFoundation.m; sourceTree = "<group>"; };
		8879FEB61BD4C8B900D77EF2 /* MJProperty.h */ = {isa = PBXFileReference; fileEncoding = 4; lastKnownFileType = sourcecode.c.h; path = MJProperty.h; sourceTree = "<group>"; };
		8879FEB71BD4C8B900D77EF2 /* MJProperty.m */ = {isa = PBXFileReference; fileEncoding = 4; lastKnownFileType = sourcecode.c.objc; path = MJProperty.m; sourceTree = "<group>"; };
		8879FEB81BD4C8B900D77EF2 /* MJPropertyKey.h */ = {isa = PBXFileReference; fileEncoding = 4; lastKnownFileType = sourcecode.c.h; path = MJPropertyKey.h; sourceTree = "<group>"; };
		8879FEB91BD4C8B900D77EF2 /* MJPropertyKey.m */ = {isa = PBXFileReference; fileEncoding = 4; lastKnownFileType = sourcecode.c.objc; path = MJPropertyKey.m; sourceTree = "<group>"; };
		8879FEBA1BD4C8B900D77EF2 /* MJPropertyType.h */ = {isa = PBXFileReference; fileEncoding = 4; lastKnownFileType = sourcecode.c.h; path = MJPropertyType.h; sourceTree = "<group>"; };
		8879FEBB1BD4C8B900D77EF2 /* MJPropertyType.m */ = {isa = PBXFileReference; fileEncoding = 4; lastKnownFileType = sourcecode.c.objc; path = MJPropertyType.m; sourceTree = "<group>"; };
		8879FEBC1BD4C8B900D77EF2 /* NSObject+MJClass.h */ = {isa = PBXFileReference; fileEncoding = 4; lastKnownFileType = sourcecode.c.h; path = "NSObject+MJClass.h"; sourceTree = "<group>"; };
		8879FEBD1BD4C8B900D77EF2 /* NSObject+MJClass.m */ = {isa = PBXFileReference; fileEncoding = 4; lastKnownFileType = sourcecode.c.objc; path = "NSObject+MJClass.m"; sourceTree = "<group>"; };
		8879FEBE1BD4C8B900D77EF2 /* NSObject+MJCoding.h */ = {isa = PBXFileReference; fileEncoding = 4; lastKnownFileType = sourcecode.c.h; path = "NSObject+MJCoding.h"; sourceTree = "<group>"; };
		8879FEBF1BD4C8B900D77EF2 /* NSObject+MJCoding.m */ = {isa = PBXFileReference; fileEncoding = 4; lastKnownFileType = sourcecode.c.objc; path = "NSObject+MJCoding.m"; sourceTree = "<group>"; };
		8879FEC01BD4C8B900D77EF2 /* NSObject+MJKeyValue.h */ = {isa = PBXFileReference; fileEncoding = 4; lastKnownFileType = sourcecode.c.h; path = "NSObject+MJKeyValue.h"; sourceTree = "<group>"; };
		8879FEC11BD4C8B900D77EF2 /* NSObject+MJKeyValue.m */ = {isa = PBXFileReference; fileEncoding = 4; lastKnownFileType = sourcecode.c.objc; path = "NSObject+MJKeyValue.m"; sourceTree = "<group>"; };
		8879FEC21BD4C8B900D77EF2 /* NSObject+MJProperty.h */ = {isa = PBXFileReference; fileEncoding = 4; lastKnownFileType = sourcecode.c.h; path = "NSObject+MJProperty.h"; sourceTree = "<group>"; };
		8879FEC31BD4C8B900D77EF2 /* NSObject+MJProperty.m */ = {isa = PBXFileReference; fileEncoding = 4; lastKnownFileType = sourcecode.c.objc; path = "NSObject+MJProperty.m"; sourceTree = "<group>"; };
		8879FEC41BD4C8B900D77EF2 /* NSString+MJExtension.h */ = {isa = PBXFileReference; fileEncoding = 4; lastKnownFileType = sourcecode.c.h; path = "NSString+MJExtension.h"; sourceTree = "<group>"; };
		8879FEC51BD4C8B900D77EF2 /* NSString+MJExtension.m */ = {isa = PBXFileReference; fileEncoding = 4; lastKnownFileType = sourcecode.c.objc; path = "NSString+MJExtension.m"; sourceTree = "<group>"; };
		8879FED31BD4C8CB00D77EF2 /* MJRefreshAutoFooter.h */ = {isa = PBXFileReference; fileEncoding = 4; lastKnownFileType = sourcecode.c.h; path = MJRefreshAutoFooter.h; sourceTree = "<group>"; };
		8879FED41BD4C8CB00D77EF2 /* MJRefreshAutoFooter.m */ = {isa = PBXFileReference; fileEncoding = 4; lastKnownFileType = sourcecode.c.objc; path = MJRefreshAutoFooter.m; sourceTree = "<group>"; };
		8879FED51BD4C8CB00D77EF2 /* MJRefreshBackFooter.h */ = {isa = PBXFileReference; fileEncoding = 4; lastKnownFileType = sourcecode.c.h; path = MJRefreshBackFooter.h; sourceTree = "<group>"; };
		8879FED61BD4C8CB00D77EF2 /* MJRefreshBackFooter.m */ = {isa = PBXFileReference; fileEncoding = 4; lastKnownFileType = sourcecode.c.objc; path = MJRefreshBackFooter.m; sourceTree = "<group>"; };
		8879FED71BD4C8CB00D77EF2 /* MJRefreshComponent.h */ = {isa = PBXFileReference; fileEncoding = 4; lastKnownFileType = sourcecode.c.h; path = MJRefreshComponent.h; sourceTree = "<group>"; };
		8879FED81BD4C8CB00D77EF2 /* MJRefreshComponent.m */ = {isa = PBXFileReference; fileEncoding = 4; lastKnownFileType = sourcecode.c.objc; path = MJRefreshComponent.m; sourceTree = "<group>"; };
		8879FED91BD4C8CB00D77EF2 /* MJRefreshFooter.h */ = {isa = PBXFileReference; fileEncoding = 4; lastKnownFileType = sourcecode.c.h; path = MJRefreshFooter.h; sourceTree = "<group>"; };
		8879FEDA1BD4C8CB00D77EF2 /* MJRefreshFooter.m */ = {isa = PBXFileReference; fileEncoding = 4; lastKnownFileType = sourcecode.c.objc; path = MJRefreshFooter.m; sourceTree = "<group>"; };
		8879FEDB1BD4C8CB00D77EF2 /* MJRefreshHeader.h */ = {isa = PBXFileReference; fileEncoding = 4; lastKnownFileType = sourcecode.c.h; path = MJRefreshHeader.h; sourceTree = "<group>"; };
		8879FEDC1BD4C8CB00D77EF2 /* MJRefreshHeader.m */ = {isa = PBXFileReference; fileEncoding = 4; lastKnownFileType = sourcecode.c.objc; path = MJRefreshHeader.m; sourceTree = "<group>"; };
		8879FEE01BD4C8CB00D77EF2 /* MJRefreshAutoGifFooter.h */ = {isa = PBXFileReference; fileEncoding = 4; lastKnownFileType = sourcecode.c.h; path = MJRefreshAutoGifFooter.h; sourceTree = "<group>"; };
		8879FEE11BD4C8CB00D77EF2 /* MJRefreshAutoGifFooter.m */ = {isa = PBXFileReference; fileEncoding = 4; lastKnownFileType = sourcecode.c.objc; path = MJRefreshAutoGifFooter.m; sourceTree = "<group>"; };
		8879FEE21BD4C8CB00D77EF2 /* MJRefreshAutoNormalFooter.h */ = {isa = PBXFileReference; fileEncoding = 4; lastKnownFileType = sourcecode.c.h; path = MJRefreshAutoNormalFooter.h; sourceTree = "<group>"; };
		8879FEE31BD4C8CB00D77EF2 /* MJRefreshAutoNormalFooter.m */ = {isa = PBXFileReference; fileEncoding = 4; lastKnownFileType = sourcecode.c.objc; path = MJRefreshAutoNormalFooter.m; sourceTree = "<group>"; };
		8879FEE41BD4C8CB00D77EF2 /* MJRefreshAutoStateFooter.h */ = {isa = PBXFileReference; fileEncoding = 4; lastKnownFileType = sourcecode.c.h; path = MJRefreshAutoStateFooter.h; sourceTree = "<group>"; };
		8879FEE51BD4C8CB00D77EF2 /* MJRefreshAutoStateFooter.m */ = {isa = PBXFileReference; fileEncoding = 4; lastKnownFileType = sourcecode.c.objc; path = MJRefreshAutoStateFooter.m; sourceTree = "<group>"; };
		8879FEE71BD4C8CB00D77EF2 /* MJRefreshBackGifFooter.h */ = {isa = PBXFileReference; fileEncoding = 4; lastKnownFileType = sourcecode.c.h; path = MJRefreshBackGifFooter.h; sourceTree = "<group>"; };
		8879FEE81BD4C8CB00D77EF2 /* MJRefreshBackGifFooter.m */ = {isa = PBXFileReference; fileEncoding = 4; lastKnownFileType = sourcecode.c.objc; path = MJRefreshBackGifFooter.m; sourceTree = "<group>"; };
		8879FEE91BD4C8CB00D77EF2 /* MJRefreshBackNormalFooter.h */ = {isa = PBXFileReference; fileEncoding = 4; lastKnownFileType = sourcecode.c.h; path = MJRefreshBackNormalFooter.h; sourceTree = "<group>"; };
		8879FEEA1BD4C8CB00D77EF2 /* MJRefreshBackNormalFooter.m */ = {isa = PBXFileReference; fileEncoding = 4; lastKnownFileType = sourcecode.c.objc; path = MJRefreshBackNormalFooter.m; sourceTree = "<group>"; };
		8879FEEB1BD4C8CB00D77EF2 /* MJRefreshBackStateFooter.h */ = {isa = PBXFileReference; fileEncoding = 4; lastKnownFileType = sourcecode.c.h; path = MJRefreshBackStateFooter.h; sourceTree = "<group>"; };
		8879FEEC1BD4C8CB00D77EF2 /* MJRefreshBackStateFooter.m */ = {isa = PBXFileReference; fileEncoding = 4; lastKnownFileType = sourcecode.c.objc; path = MJRefreshBackStateFooter.m; sourceTree = "<group>"; };
		8879FEEE1BD4C8CB00D77EF2 /* MJRefreshGifHeader.h */ = {isa = PBXFileReference; fileEncoding = 4; lastKnownFileType = sourcecode.c.h; path = MJRefreshGifHeader.h; sourceTree = "<group>"; };
		8879FEEF1BD4C8CB00D77EF2 /* MJRefreshGifHeader.m */ = {isa = PBXFileReference; fileEncoding = 4; lastKnownFileType = sourcecode.c.objc; path = MJRefreshGifHeader.m; sourceTree = "<group>"; };
		8879FEF01BD4C8CB00D77EF2 /* MJRefreshNormalHeader.h */ = {isa = PBXFileReference; fileEncoding = 4; lastKnownFileType = sourcecode.c.h; path = MJRefreshNormalHeader.h; sourceTree = "<group>"; };
		8879FEF11BD4C8CB00D77EF2 /* MJRefreshNormalHeader.m */ = {isa = PBXFileReference; fileEncoding = 4; lastKnownFileType = sourcecode.c.objc; path = MJRefreshNormalHeader.m; sourceTree = "<group>"; };
		8879FEF21BD4C8CB00D77EF2 /* MJRefreshStateHeader.h */ = {isa = PBXFileReference; fileEncoding = 4; lastKnownFileType = sourcecode.c.h; path = MJRefreshStateHeader.h; sourceTree = "<group>"; };
		8879FEF31BD4C8CB00D77EF2 /* MJRefreshStateHeader.m */ = {isa = PBXFileReference; fileEncoding = 4; lastKnownFileType = sourcecode.c.objc; path = MJRefreshStateHeader.m; sourceTree = "<group>"; };
		8879FEF41BD4C8CB00D77EF2 /* MJRefresh.bundle */ = {isa = PBXFileReference; lastKnownFileType = "wrapper.plug-in"; path = MJRefresh.bundle; sourceTree = "<group>"; };
		8879FEF51BD4C8CB00D77EF2 /* MJRefresh.h */ = {isa = PBXFileReference; fileEncoding = 4; lastKnownFileType = sourcecode.c.h; path = MJRefresh.h; sourceTree = "<group>"; };
		8879FEF61BD4C8CB00D77EF2 /* MJRefreshConst.h */ = {isa = PBXFileReference; fileEncoding = 4; lastKnownFileType = sourcecode.c.h; path = MJRefreshConst.h; sourceTree = "<group>"; };
		8879FEF71BD4C8CB00D77EF2 /* MJRefreshConst.m */ = {isa = PBXFileReference; fileEncoding = 4; lastKnownFileType = sourcecode.c.objc; path = MJRefreshConst.m; sourceTree = "<group>"; };
		8879FEF81BD4C8CB00D77EF2 /* UIScrollView+MJExtension.h */ = {isa = PBXFileReference; fileEncoding = 4; lastKnownFileType = sourcecode.c.h; path = "UIScrollView+MJExtension.h"; sourceTree = "<group>"; };
		8879FEF91BD4C8CB00D77EF2 /* UIScrollView+MJExtension.m */ = {isa = PBXFileReference; fileEncoding = 4; lastKnownFileType = sourcecode.c.objc; path = "UIScrollView+MJExtension.m"; sourceTree = "<group>"; };
		8879FEFA1BD4C8CB00D77EF2 /* UIScrollView+MJRefresh.h */ = {isa = PBXFileReference; fileEncoding = 4; lastKnownFileType = sourcecode.c.h; path = "UIScrollView+MJRefresh.h"; sourceTree = "<group>"; };
		8879FEFB1BD4C8CB00D77EF2 /* UIScrollView+MJRefresh.m */ = {isa = PBXFileReference; fileEncoding = 4; lastKnownFileType = sourcecode.c.objc; path = "UIScrollView+MJRefresh.m"; sourceTree = "<group>"; };
		8879FEFC1BD4C8CB00D77EF2 /* UIView+MJExtension.h */ = {isa = PBXFileReference; fileEncoding = 4; lastKnownFileType = sourcecode.c.h; path = "UIView+MJExtension.h"; sourceTree = "<group>"; };
		8879FEFD1BD4C8CB00D77EF2 /* UIView+MJExtension.m */ = {isa = PBXFileReference; fileEncoding = 4; lastKnownFileType = sourcecode.c.objc; path = "UIView+MJExtension.m"; sourceTree = "<group>"; };
		8879FF111BD4C97D00D77EF2 /* RSStatus.h */ = {isa = PBXFileReference; fileEncoding = 4; lastKnownFileType = sourcecode.c.h; name = RSStatus.h; path = "私人定制-微博/classes/Tool(业务类)/RootVC/RSStatus.h"; sourceTree = SOURCE_ROOT; };
		8879FF121BD4C97D00D77EF2 /* RSStatus.m */ = {isa = PBXFileReference; fileEncoding = 4; lastKnownFileType = sourcecode.c.objc; name = RSStatus.m; path = "私人定制-微博/classes/Tool(业务类)/RootVC/RSStatus.m"; sourceTree = SOURCE_ROOT; };
		8879FF141BD4CCA600D77EF2 /* RSUser.h */ = {isa = PBXFileReference; fileEncoding = 4; lastKnownFileType = sourcecode.c.h; name = RSUser.h; path = "私人定制-微博/classes/Tool(业务类)/RootVC/RSUser.h"; sourceTree = SOURCE_ROOT; };
		8879FF151BD4CCA600D77EF2 /* RSUser.m */ = {isa = PBXFileReference; fileEncoding = 4; lastKnownFileType = sourcecode.c.objc; name = RSUser.m; path = "私人定制-微博/classes/Tool(业务类)/RootVC/RSUser.m"; sourceTree = SOURCE_ROOT; };
		8879FF171BD4CCD600D77EF2 /* RSPhoto.h */ = {isa = PBXFileReference; fileEncoding = 4; lastKnownFileType = sourcecode.c.h; name = RSPhoto.h; path = "私人定制-微博/classes/Tool(业务类)/RootVC/RSPhoto.h"; sourceTree = SOURCE_ROOT; };
		8879FF181BD4CCD600D77EF2 /* RSPhoto.m */ = {isa = PBXFileReference; fileEncoding = 4; lastKnownFileType = sourcecode.c.objc; name = RSPhoto.m; path = "私人定制-微博/classes/Tool(业务类)/RootVC/RSPhoto.m"; sourceTree = SOURCE_ROOT; };
		8879FF1B1BD4DF5500D77EF2 /* MKAnnotationView+WebCache.h */ = {isa = PBXFileReference; fileEncoding = 4; lastKnownFileType = sourcecode.c.h; path = "MKAnnotationView+WebCache.h"; sourceTree = "<group>"; };
		8879FF1C1BD4DF5500D77EF2 /* MKAnnotationView+WebCache.m */ = {isa = PBXFileReference; fileEncoding = 4; lastKnownFileType = sourcecode.c.objc; path = "MKAnnotationView+WebCache.m"; sourceTree = "<group>"; };
		8879FF1D1BD4DF5500D77EF2 /* NSData+ImageContentType.h */ = {isa = PBXFileReference; fileEncoding = 4; lastKnownFileType = sourcecode.c.h; path = "NSData+ImageContentType.h"; sourceTree = "<group>"; };
		8879FF1E1BD4DF5500D77EF2 /* NSData+ImageContentType.m */ = {isa = PBXFileReference; fileEncoding = 4; lastKnownFileType = sourcecode.c.objc; path = "NSData+ImageContentType.m"; sourceTree = "<group>"; };
		8879FF1F1BD4DF5500D77EF2 /* SDImageCache.h */ = {isa = PBXFileReference; fileEncoding = 4; lastKnownFileType = sourcecode.c.h; path = SDImageCache.h; sourceTree = "<group>"; };
		8879FF201BD4DF5500D77EF2 /* SDImageCache.m */ = {isa = PBXFileReference; fileEncoding = 4; lastKnownFileType = sourcecode.c.objc; path = SDImageCache.m; sourceTree = "<group>"; };
		8879FF211BD4DF5500D77EF2 /* SDWebImageCompat.h */ = {isa = PBXFileReference; fileEncoding = 4; lastKnownFileType = sourcecode.c.h; path = SDWebImageCompat.h; sourceTree = "<group>"; };
		8879FF221BD4DF5500D77EF2 /* SDWebImageCompat.m */ = {isa = PBXFileReference; fileEncoding = 4; lastKnownFileType = sourcecode.c.objc; path = SDWebImageCompat.m; sourceTree = "<group>"; };
		8879FF231BD4DF5500D77EF2 /* SDWebImageDecoder.h */ = {isa = PBXFileReference; fileEncoding = 4; lastKnownFileType = sourcecode.c.h; path = SDWebImageDecoder.h; sourceTree = "<group>"; };
		8879FF241BD4DF5500D77EF2 /* SDWebImageDecoder.m */ = {isa = PBXFileReference; fileEncoding = 4; lastKnownFileType = sourcecode.c.objc; path = SDWebImageDecoder.m; sourceTree = "<group>"; };
		8879FF251BD4DF5500D77EF2 /* SDWebImageDownloader.h */ = {isa = PBXFileReference; fileEncoding = 4; lastKnownFileType = sourcecode.c.h; path = SDWebImageDownloader.h; sourceTree = "<group>"; };
		8879FF261BD4DF5500D77EF2 /* SDWebImageDownloader.m */ = {isa = PBXFileReference; fileEncoding = 4; lastKnownFileType = sourcecode.c.objc; path = SDWebImageDownloader.m; sourceTree = "<group>"; };
		8879FF271BD4DF5500D77EF2 /* SDWebImageDownloaderOperation.h */ = {isa = PBXFileReference; fileEncoding = 4; lastKnownFileType = sourcecode.c.h; path = SDWebImageDownloaderOperation.h; sourceTree = "<group>"; };
		8879FF281BD4DF5500D77EF2 /* SDWebImageDownloaderOperation.m */ = {isa = PBXFileReference; fileEncoding = 4; lastKnownFileType = sourcecode.c.objc; path = SDWebImageDownloaderOperation.m; sourceTree = "<group>"; };
		8879FF291BD4DF5500D77EF2 /* SDWebImageManager.h */ = {isa = PBXFileReference; fileEncoding = 4; lastKnownFileType = sourcecode.c.h; path = SDWebImageManager.h; sourceTree = "<group>"; };
		8879FF2A1BD4DF5500D77EF2 /* SDWebImageManager.m */ = {isa = PBXFileReference; fileEncoding = 4; lastKnownFileType = sourcecode.c.objc; path = SDWebImageManager.m; sourceTree = "<group>"; };
		8879FF2B1BD4DF5500D77EF2 /* SDWebImageOperation.h */ = {isa = PBXFileReference; fileEncoding = 4; lastKnownFileType = sourcecode.c.h; path = SDWebImageOperation.h; sourceTree = "<group>"; };
		8879FF2C1BD4DF5500D77EF2 /* SDWebImagePrefetcher.h */ = {isa = PBXFileReference; fileEncoding = 4; lastKnownFileType = sourcecode.c.h; path = SDWebImagePrefetcher.h; sourceTree = "<group>"; };
		8879FF2D1BD4DF5500D77EF2 /* SDWebImagePrefetcher.m */ = {isa = PBXFileReference; fileEncoding = 4; lastKnownFileType = sourcecode.c.objc; path = SDWebImagePrefetcher.m; sourceTree = "<group>"; };
		8879FF2E1BD4DF5500D77EF2 /* UIButton+WebCache.h */ = {isa = PBXFileReference; fileEncoding = 4; lastKnownFileType = sourcecode.c.h; path = "UIButton+WebCache.h"; sourceTree = "<group>"; };
		8879FF2F1BD4DF5500D77EF2 /* UIButton+WebCache.m */ = {isa = PBXFileReference; fileEncoding = 4; lastKnownFileType = sourcecode.c.objc; path = "UIButton+WebCache.m"; sourceTree = "<group>"; };
		8879FF301BD4DF5500D77EF2 /* UIImage+GIF.h */ = {isa = PBXFileReference; fileEncoding = 4; lastKnownFileType = sourcecode.c.h; path = "UIImage+GIF.h"; sourceTree = "<group>"; };
		8879FF311BD4DF5500D77EF2 /* UIImage+GIF.m */ = {isa = PBXFileReference; fileEncoding = 4; lastKnownFileType = sourcecode.c.objc; path = "UIImage+GIF.m"; sourceTree = "<group>"; };
		8879FF321BD4DF5500D77EF2 /* UIImage+MultiFormat.h */ = {isa = PBXFileReference; fileEncoding = 4; lastKnownFileType = sourcecode.c.h; path = "UIImage+MultiFormat.h"; sourceTree = "<group>"; };
		8879FF331BD4DF5500D77EF2 /* UIImage+MultiFormat.m */ = {isa = PBXFileReference; fileEncoding = 4; lastKnownFileType = sourcecode.c.objc; path = "UIImage+MultiFormat.m"; sourceTree = "<group>"; };
		8879FF341BD4DF5500D77EF2 /* UIImage+WebP.h */ = {isa = PBXFileReference; fileEncoding = 4; lastKnownFileType = sourcecode.c.h; path = "UIImage+WebP.h"; sourceTree = "<group>"; };
		8879FF351BD4DF5500D77EF2 /* UIImage+WebP.m */ = {isa = PBXFileReference; fileEncoding = 4; lastKnownFileType = sourcecode.c.objc; path = "UIImage+WebP.m"; sourceTree = "<group>"; };
		8879FF361BD4DF5500D77EF2 /* UIImageView+HighlightedWebCache.h */ = {isa = PBXFileReference; fileEncoding = 4; lastKnownFileType = sourcecode.c.h; path = "UIImageView+HighlightedWebCache.h"; sourceTree = "<group>"; };
		8879FF371BD4DF5500D77EF2 /* UIImageView+HighlightedWebCache.m */ = {isa = PBXFileReference; fileEncoding = 4; lastKnownFileType = sourcecode.c.objc; path = "UIImageView+HighlightedWebCache.m"; sourceTree = "<group>"; };
		8879FF381BD4DF5500D77EF2 /* UIImageView+WebCache.h */ = {isa = PBXFileReference; fileEncoding = 4; lastKnownFileType = sourcecode.c.h; path = "UIImageView+WebCache.h"; sourceTree = "<group>"; };
		8879FF391BD4DF5500D77EF2 /* UIImageView+WebCache.m */ = {isa = PBXFileReference; fileEncoding = 4; lastKnownFileType = sourcecode.c.objc; path = "UIImageView+WebCache.m"; sourceTree = "<group>"; };
		8879FF3A1BD4DF5500D77EF2 /* UIView+WebCacheOperation.h */ = {isa = PBXFileReference; fileEncoding = 4; lastKnownFileType = sourcecode.c.h; path = "UIView+WebCacheOperation.h"; sourceTree = "<group>"; };
		8879FF3B1BD4DF5500D77EF2 /* UIView+WebCacheOperation.m */ = {isa = PBXFileReference; fileEncoding = 4; lastKnownFileType = sourcecode.c.objc; path = "UIView+WebCacheOperation.m"; sourceTree = "<group>"; };
		88C4CE0B1BCCA9500055A949 /* RSTitleButton.h */ = {isa = PBXFileReference; fileEncoding = 4; lastKnownFileType = sourcecode.c.h; path = RSTitleButton.h; sourceTree = "<group>"; };
		88C4CE0C1BCCA9500055A949 /* RSTitleButton.m */ = {isa = PBXFileReference; fileEncoding = 4; lastKnownFileType = sourcecode.c.objc; path = RSTitleButton.m; sourceTree = "<group>"; };
		88C4CE0E1BCCA9C70055A949 /* RSPopMenu.h */ = {isa = PBXFileReference; fileEncoding = 4; lastKnownFileType = sourcecode.c.h; path = RSPopMenu.h; sourceTree = "<group>"; };
		88C4CE0F1BCCA9C70055A949 /* RSPopMenu.m */ = {isa = PBXFileReference; fileEncoding = 4; lastKnownFileType = sourcecode.c.objc; path = RSPopMenu.m; sourceTree = "<group>"; };
		88C4CE111BCCA9DC0055A949 /* RSCover.h */ = {isa = PBXFileReference; fileEncoding = 4; lastKnownFileType = sourcecode.c.h; path = RSCover.h; sourceTree = "<group>"; };
		88C4CE121BCCA9DC0055A949 /* RSCover.m */ = {isa = PBXFileReference; fileEncoding = 4; lastKnownFileType = sourcecode.c.objc; path = RSCover.m; sourceTree = "<group>"; };
		88CF97501BC6821B004E0C81 /* RSTabBarController.h */ = {isa = PBXFileReference; fileEncoding = 4; lastKnownFileType = sourcecode.c.h; path = RSTabBarController.h; sourceTree = "<group>"; };
		88CF97511BC6821B004E0C81 /* RSTabBarController.m */ = {isa = PBXFileReference; fileEncoding = 4; lastKnownFileType = sourcecode.c.objc; path = RSTabBarController.m; sourceTree = "<group>"; };
		88CF975B1BC6821B004E0C81 /* AppDelegate.h */ = {isa = PBXFileReference; fileEncoding = 4; lastKnownFileType = sourcecode.c.h; path = AppDelegate.h; sourceTree = "<group>"; };
		88CF975C1BC6821B004E0C81 /* AppDelegate.m */ = {isa = PBXFileReference; fileEncoding = 4; lastKnownFileType = sourcecode.c.objc; path = AppDelegate.m; sourceTree = "<group>"; };
		88CF975D1BC6821B004E0C81 /* main.m */ = {isa = PBXFileReference; fileEncoding = 4; lastKnownFileType = sourcecode.c.objc; path = main.m; sourceTree = "<group>"; };
		88D1155C1BCB8A4000A9FDF1 /* 私人定制-weibo.pch */ = {isa = PBXFileReference; fileEncoding = 4; lastKnownFileType = sourcecode.c.h; path = "私人定制-weibo.pch"; sourceTree = "<group>"; };
		88D1830A1BC64D8C00FABF52 /* 私人定制-微博.app */ = {isa = PBXFileReference; explicitFileType = wrapper.application; includeInIndex = 0; path = "私人定制-微博.app"; sourceTree = BUILT_PRODUCTS_DIR; };
		88D1831E1BC64D8C00FABF52 /* Info.plist */ = {isa = PBXFileReference; lastKnownFileType = text.plist.xml; path = Info.plist; sourceTree = "<group>"; };
		88D183231BC64D8C00FABF52 /* 私人定制-微博Tests.xctest */ = {isa = PBXFileReference; explicitFileType = wrapper.cfbundle; includeInIndex = 0; path = "私人定制-微博Tests.xctest"; sourceTree = BUILT_PRODUCTS_DIR; };
		88D183271BC64D8C00FABF52 /* _______Tests.m */ = {isa = PBXFileReference; lastKnownFileType = sourcecode.c.objc; path = "_______Tests.m"; sourceTree = "<group>"; };
		88D183291BC64D8C00FABF52 /* Info.plist */ = {isa = PBXFileReference; lastKnownFileType = text.plist.xml; path = Info.plist; sourceTree = "<group>"; };
		88D1832E1BC64D8D00FABF52 /* 私人定制-微博UITests.xctest */ = {isa = PBXFileReference; explicitFileType = wrapper.cfbundle; includeInIndex = 0; path = "私人定制-微博UITests.xctest"; sourceTree = BUILT_PRODUCTS_DIR; };
		88D183321BC64D8D00FABF52 /* _______UITests.m */ = {isa = PBXFileReference; lastKnownFileType = sourcecode.c.objc; path = "_______UITests.m"; sourceTree = "<group>"; };
		88D183341BC64D8D00FABF52 /* Info.plist */ = {isa = PBXFileReference; lastKnownFileType = text.plist.xml; path = Info.plist; sourceTree = "<group>"; };
		88D5E78D1BD614C100B2DDEA /* RSHttpTool.h */ = {isa = PBXFileReference; fileEncoding = 4; lastKnownFileType = sourcecode.c.h; path = RSHttpTool.h; sourceTree = "<group>"; };
		88D5E78E1BD614C100B2DDEA /* RSHttpTool.m */ = {isa = PBXFileReference; fileEncoding = 4; lastKnownFileType = sourcecode.c.objc; path = RSHttpTool.m; sourceTree = "<group>"; };
		88D5E7931BD61F9C00B2DDEA /* RSStatusParam.h */ = {isa = PBXFileReference; fileEncoding = 4; lastKnownFileType = sourcecode.c.h; path = RSStatusParam.h; sourceTree = "<group>"; };
		88D5E7941BD61F9C00B2DDEA /* RSStatusParam.m */ = {isa = PBXFileReference; fileEncoding = 4; lastKnownFileType = sourcecode.c.objc; path = RSStatusParam.m; sourceTree = "<group>"; };
		88D5E7991BD6211600B2DDEA /* RSStatusTool.h */ = {isa = PBXFileReference; fileEncoding = 4; lastKnownFileType = sourcecode.c.h; name = RSStatusTool.h; path = result/RSStatusTool.h; sourceTree = "<group>"; };
		88D5E79A1BD6211600B2DDEA /* RSStatusTool.m */ = {isa = PBXFileReference; fileEncoding = 4; lastKnownFileType = sourcecode.c.objc; name = RSStatusTool.m; path = result/RSStatusTool.m; sourceTree = "<group>"; };
		88D5E79C1BD6243E00B2DDEA /* RSStatusResult.h */ = {isa = PBXFileReference; fileEncoding = 4; lastKnownFileType = sourcecode.c.h; path = RSStatusResult.h; sourceTree = "<group>"; };
		88D5E79D1BD6243E00B2DDEA /* RSStatusResult.m */ = {isa = PBXFileReference; fileEncoding = 4; lastKnownFileType = sourcecode.c.objc; path = RSStatusResult.m; sourceTree = "<group>"; };
		88D5E7A01BD651BF00B2DDEA /* RSAccountParam.h */ = {isa = PBXFileReference; fileEncoding = 4; lastKnownFileType = sourcecode.c.h; path = RSAccountParam.h; sourceTree = "<group>"; };
		88D5E7A11BD651BF00B2DDEA /* RSAccountParam.m */ = {isa = PBXFileReference; fileEncoding = 4; lastKnownFileType = sourcecode.c.objc; path = RSAccountParam.m; sourceTree = "<group>"; };
		88E1C4B31BCE27BD006FBECF /* RSMenuViewController.h */ = {isa = PBXFileReference; fileEncoding = 4; lastKnownFileType = sourcecode.c.h; path = RSMenuViewController.h; sourceTree = "<group>"; };
		88E1C4B41BCE27BD006FBECF /* RSMenuViewController.m */ = {isa = PBXFileReference; fileEncoding = 4; lastKnownFileType = sourcecode.c.objc; path = RSMenuViewController.m; sourceTree = "<group>"; };
		88E51D371BCF942100BC42C0 /* RSNewFeatureController.h */ = {isa = PBXFileReference; fileEncoding = 4; lastKnownFileType = sourcecode.c.h; path = RSNewFeatureController.h; sourceTree = "<group>"; };
		88E51D381BCF942100BC42C0 /* RSNewFeatureController.m */ = {isa = PBXFileReference; fileEncoding = 4; lastKnownFileType = sourcecode.c.objc; path = RSNewFeatureController.m; sourceTree = "<group>"; };
		88E51D3A1BCF95B600BC42C0 /* RSNewFeatureCell.h */ = {isa = PBXFileReference; fileEncoding = 4; lastKnownFileType = sourcecode.c.h; path = RSNewFeatureCell.h; sourceTree = "<group>"; };
		88E51D3B1BCF95B600BC42C0 /* RSNewFeatureCell.m */ = {isa = PBXFileReference; fileEncoding = 4; lastKnownFileType = sourcecode.c.objc; path = RSNewFeatureCell.m; sourceTree = "<group>"; };
/* End PBXFileReference section */

/* Begin PBXFrameworksBuildPhase section */
		88D183071BC64D8C00FABF52 /* Frameworks */ = {
			isa = PBXFrameworksBuildPhase;
			buildActionMask = 2147483647;
			files = (
			);
			runOnlyForDeploymentPostprocessing = 0;
		};
		88D183201BC64D8C00FABF52 /* Frameworks */ = {
			isa = PBXFrameworksBuildPhase;
			buildActionMask = 2147483647;
			files = (
			);
			runOnlyForDeploymentPostprocessing = 0;
		};
		88D1832B1BC64D8C00FABF52 /* Frameworks */ = {
			isa = PBXFrameworksBuildPhase;
			buildActionMask = 2147483647;
			files = (
			);
			runOnlyForDeploymentPostprocessing = 0;
		};
/* End PBXFrameworksBuildPhase section */

/* Begin PBXGroup section */
		881C7C661BD23AEE009E7285 /* Category */ = {
			isa = PBXGroup;
			children = (
				881C7C671BD23AEE009E7285 /* UIBarButtonItem+RSItem.h */,
				881C7C681BD23AEE009E7285 /* UIBarButtonItem+RSItem.m */,
				881C7C691BD23AEE009E7285 /* UIImage+RSImage.h */,
				881C7C6A1BD23AEE009E7285 /* UIImage+RSImage.m */,
				881C7C6B1BD23AEE009E7285 /* UIView+RSFrame.h */,
				881C7C6C1BD23AEE009E7285 /* UIView+RSFrame.m */,
			);
			path = Category;
			sourceTree = "<group>";
		};
		881C7C701BD242D6009E7285 /* OAuth */ = {
			isa = PBXGroup;
			children = (
				881C7C711BD242D6009E7285 /* Controller */,
				881C7C721BD242D6009E7285 /* Modal */,
				881C7C731BD242D6009E7285 /* View */,
			);
			path = OAuth;
			sourceTree = "<group>";
		};
		881C7C711BD242D6009E7285 /* Controller */ = {
			isa = PBXGroup;
			children = (
				881C7C741BD2433A009E7285 /* RSOAuthController.h */,
				881C7C751BD2433A009E7285 /* RSOAuthController.m */,
			);
			path = Controller;
			sourceTree = "<group>";
		};
		881C7C721BD242D6009E7285 /* Modal */ = {
			isa = PBXGroup;
			children = (
				8879FEA21BD4891000D77EF2 /* RSAccount.h */,
				8879FEA31BD4891000D77EF2 /* RSAccount.m */,
			);
			path = Modal;
			sourceTree = "<group>";
		};
		881C7C731BD242D6009E7285 /* View */ = {
			isa = PBXGroup;
			children = (
			);
			path = View;
			sourceTree = "<group>";
		};
		881C7C771BD24BEA009E7285 /* Lib */ = {
			isa = PBXGroup;
			children = (
				8879FF1A1BD4DF5500D77EF2 /* SDWebImage */,
				8879FED11BD4C8CB00D77EF2 /* MJRefresh */,
				8879FEAE1BD4C8B900D77EF2 /* MJExtension */,
				8879FE851BD473DD00D77EF2 /* AFNetworking */,
				881C7C781BD24BEA009E7285 /* MBProgressHUD */,
			);
			path = Lib;
			sourceTree = "<group>";
		};
		881C7C781BD24BEA009E7285 /* MBProgressHUD */ = {
			isa = PBXGroup;
			children = (
				881C7C791BD24BEA009E7285 /* MBProgressHUD.h */,
				881C7C7A1BD24BEA009E7285 /* MBProgressHUD.m */,
			);
			path = MBProgressHUD;
			sourceTree = "<group>";
		};
		8879FE851BD473DD00D77EF2 /* AFNetworking */ = {
			isa = PBXGroup;
			children = (
				8879FE861BD473DD00D77EF2 /* AFHTTPRequestOperation.h */,
				8879FE871BD473DD00D77EF2 /* AFHTTPRequestOperation.m */,
				8879FE881BD473DD00D77EF2 /* AFHTTPRequestOperationManager.h */,
				8879FE891BD473DD00D77EF2 /* AFHTTPRequestOperationManager.m */,
				8879FE8A1BD473DD00D77EF2 /* AFHTTPSessionManager.h */,
				8879FE8B1BD473DD00D77EF2 /* AFHTTPSessionManager.m */,
				8879FE8C1BD473DD00D77EF2 /* AFNetworking.h */,
				8879FE8D1BD473DD00D77EF2 /* AFNetworkReachabilityManager.h */,
				8879FE8E1BD473DD00D77EF2 /* AFNetworkReachabilityManager.m */,
				8879FE8F1BD473DD00D77EF2 /* AFSecurityPolicy.h */,
				8879FE901BD473DD00D77EF2 /* AFSecurityPolicy.m */,
				8879FE911BD473DD00D77EF2 /* AFURLConnectionOperation.h */,
				8879FE921BD473DD00D77EF2 /* AFURLConnectionOperation.m */,
				8879FE931BD473DD00D77EF2 /* AFURLRequestSerialization.h */,
				8879FE941BD473DD00D77EF2 /* AFURLRequestSerialization.m */,
				8879FE951BD473DD00D77EF2 /* AFURLResponseSerialization.h */,
				8879FE961BD473DD00D77EF2 /* AFURLResponseSerialization.m */,
				8879FE971BD473DD00D77EF2 /* AFURLSessionManager.h */,
				8879FE981BD473DD00D77EF2 /* AFURLSessionManager.m */,
			);
			path = AFNetworking;
			sourceTree = "<group>";
		};
		8879FEA51BD48CD300D77EF2 /* Tool(业务类) */ = {
			isa = PBXGroup;
			children = (
				88D5E7901BD61F7100B2DDEA /* Status */,
				88D5E78C1BD614A100B2DDEA /* Http */,
				8879FEA61BD48CD300D77EF2 /* Account */,
				8879FEA71BD48CD300D77EF2 /* RootVC */,
			);
			path = "Tool(业务类)";
			sourceTree = "<group>";
		};
		8879FEA61BD48CD300D77EF2 /* Account */ = {
			isa = PBXGroup;
			children = (
				88D5E79F1BD651A700B2DDEA /* Param */,
				8879FEA81BD48D0600D77EF2 /* RSAccountTool.h */,
				8879FEA91BD48D0600D77EF2 /* RSAccountTool.m */,
			);
			path = Account;
			sourceTree = "<group>";
		};
		8879FEA71BD48CD300D77EF2 /* RootVC */ = {
			isa = PBXGroup;
			children = (
				8879FEAB1BD4958C00D77EF2 /* RSRootVCTool.h */,
				8879FEAC1BD4958C00D77EF2 /* RSRootVCTool.m */,
			);
			path = RootVC;
			sourceTree = "<group>";
		};
		8879FEAE1BD4C8B900D77EF2 /* MJExtension */ = {
			isa = PBXGroup;
			children = (
				8879FEAF1BD4C8B900D77EF2 /* MJDictionaryCache.h */,
				8879FEB01BD4C8B900D77EF2 /* MJDictionaryCache.m */,
				8879FEB11BD4C8B900D77EF2 /* MJExtension.h */,
				8879FEB21BD4C8B900D77EF2 /* MJExtensionConst.h */,
				8879FEB31BD4C8B900D77EF2 /* MJExtensionConst.m */,
				8879FEB41BD4C8B900D77EF2 /* MJFoundation.h */,
				8879FEB51BD4C8B900D77EF2 /* MJFoundation.m */,
				8879FEB61BD4C8B900D77EF2 /* MJProperty.h */,
				8879FEB71BD4C8B900D77EF2 /* MJProperty.m */,
				8879FEB81BD4C8B900D77EF2 /* MJPropertyKey.h */,
				8879FEB91BD4C8B900D77EF2 /* MJPropertyKey.m */,
				8879FEBA1BD4C8B900D77EF2 /* MJPropertyType.h */,
				8879FEBB1BD4C8B900D77EF2 /* MJPropertyType.m */,
				8879FEBC1BD4C8B900D77EF2 /* NSObject+MJClass.h */,
				8879FEBD1BD4C8B900D77EF2 /* NSObject+MJClass.m */,
				8879FEBE1BD4C8B900D77EF2 /* NSObject+MJCoding.h */,
				8879FEBF1BD4C8B900D77EF2 /* NSObject+MJCoding.m */,
				8879FEC01BD4C8B900D77EF2 /* NSObject+MJKeyValue.h */,
				8879FEC11BD4C8B900D77EF2 /* NSObject+MJKeyValue.m */,
				8879FEC21BD4C8B900D77EF2 /* NSObject+MJProperty.h */,
				8879FEC31BD4C8B900D77EF2 /* NSObject+MJProperty.m */,
				8879FEC41BD4C8B900D77EF2 /* NSString+MJExtension.h */,
				8879FEC51BD4C8B900D77EF2 /* NSString+MJExtension.m */,
			);
			path = MJExtension;
			sourceTree = "<group>";
		};
		8879FED11BD4C8CB00D77EF2 /* MJRefresh */ = {
			isa = PBXGroup;
			children = (
				8879FED21BD4C8CB00D77EF2 /* Base */,
				8879FEDD1BD4C8CB00D77EF2 /* Custom */,
				8879FEF41BD4C8CB00D77EF2 /* MJRefresh.bundle */,
				8879FEF51BD4C8CB00D77EF2 /* MJRefresh.h */,
				8879FEF61BD4C8CB00D77EF2 /* MJRefreshConst.h */,
				8879FEF71BD4C8CB00D77EF2 /* MJRefreshConst.m */,
				8879FEF81BD4C8CB00D77EF2 /* UIScrollView+MJExtension.h */,
				8879FEF91BD4C8CB00D77EF2 /* UIScrollView+MJExtension.m */,
				8879FEFA1BD4C8CB00D77EF2 /* UIScrollView+MJRefresh.h */,
				8879FEFB1BD4C8CB00D77EF2 /* UIScrollView+MJRefresh.m */,
				8879FEFC1BD4C8CB00D77EF2 /* UIView+MJExtension.h */,
				8879FEFD1BD4C8CB00D77EF2 /* UIView+MJExtension.m */,
			);
			path = MJRefresh;
			sourceTree = "<group>";
		};
		8879FED21BD4C8CB00D77EF2 /* Base */ = {
			isa = PBXGroup;
			children = (
				8879FED31BD4C8CB00D77EF2 /* MJRefreshAutoFooter.h */,
				8879FED41BD4C8CB00D77EF2 /* MJRefreshAutoFooter.m */,
				8879FED51BD4C8CB00D77EF2 /* MJRefreshBackFooter.h */,
				8879FED61BD4C8CB00D77EF2 /* MJRefreshBackFooter.m */,
				8879FED71BD4C8CB00D77EF2 /* MJRefreshComponent.h */,
				8879FED81BD4C8CB00D77EF2 /* MJRefreshComponent.m */,
				8879FED91BD4C8CB00D77EF2 /* MJRefreshFooter.h */,
				8879FEDA1BD4C8CB00D77EF2 /* MJRefreshFooter.m */,
				8879FEDB1BD4C8CB00D77EF2 /* MJRefreshHeader.h */,
				8879FEDC1BD4C8CB00D77EF2 /* MJRefreshHeader.m */,
			);
			path = Base;
			sourceTree = "<group>";
		};
		8879FEDD1BD4C8CB00D77EF2 /* Custom */ = {
			isa = PBXGroup;
			children = (
				8879FEDE1BD4C8CB00D77EF2 /* Footer */,
				8879FEED1BD4C8CB00D77EF2 /* Header */,
			);
			path = Custom;
			sourceTree = "<group>";
		};
		8879FEDE1BD4C8CB00D77EF2 /* Footer */ = {
			isa = PBXGroup;
			children = (
				8879FEDF1BD4C8CB00D77EF2 /* Auto */,
				8879FEE61BD4C8CB00D77EF2 /* Back */,
			);
			path = Footer;
			sourceTree = "<group>";
		};
		8879FEDF1BD4C8CB00D77EF2 /* Auto */ = {
			isa = PBXGroup;
			children = (
				8879FEE01BD4C8CB00D77EF2 /* MJRefreshAutoGifFooter.h */,
				8879FEE11BD4C8CB00D77EF2 /* MJRefreshAutoGifFooter.m */,
				8879FEE21BD4C8CB00D77EF2 /* MJRefreshAutoNormalFooter.h */,
				8879FEE31BD4C8CB00D77EF2 /* MJRefreshAutoNormalFooter.m */,
				8879FEE41BD4C8CB00D77EF2 /* MJRefreshAutoStateFooter.h */,
				8879FEE51BD4C8CB00D77EF2 /* MJRefreshAutoStateFooter.m */,
			);
			path = Auto;
			sourceTree = "<group>";
		};
		8879FEE61BD4C8CB00D77EF2 /* Back */ = {
			isa = PBXGroup;
			children = (
				8879FEE71BD4C8CB00D77EF2 /* MJRefreshBackGifFooter.h */,
				8879FEE81BD4C8CB00D77EF2 /* MJRefreshBackGifFooter.m */,
				8879FEE91BD4C8CB00D77EF2 /* MJRefreshBackNormalFooter.h */,
				8879FEEA1BD4C8CB00D77EF2 /* MJRefreshBackNormalFooter.m */,
				8879FEEB1BD4C8CB00D77EF2 /* MJRefreshBackStateFooter.h */,
				8879FEEC1BD4C8CB00D77EF2 /* MJRefreshBackStateFooter.m */,
			);
			path = Back;
			sourceTree = "<group>";
		};
		8879FEED1BD4C8CB00D77EF2 /* Header */ = {
			isa = PBXGroup;
			children = (
				8879FEEE1BD4C8CB00D77EF2 /* MJRefreshGifHeader.h */,
				8879FEEF1BD4C8CB00D77EF2 /* MJRefreshGifHeader.m */,
				8879FEF01BD4C8CB00D77EF2 /* MJRefreshNormalHeader.h */,
				8879FEF11BD4C8CB00D77EF2 /* MJRefreshNormalHeader.m */,
				8879FEF21BD4C8CB00D77EF2 /* MJRefreshStateHeader.h */,
				8879FEF31BD4C8CB00D77EF2 /* MJRefreshStateHeader.m */,
			);
			path = Header;
			sourceTree = "<group>";
		};
		8879FF1A1BD4DF5500D77EF2 /* SDWebImage */ = {
			isa = PBXGroup;
			children = (
				8879FF1B1BD4DF5500D77EF2 /* MKAnnotationView+WebCache.h */,
				8879FF1C1BD4DF5500D77EF2 /* MKAnnotationView+WebCache.m */,
				8879FF1D1BD4DF5500D77EF2 /* NSData+ImageContentType.h */,
				8879FF1E1BD4DF5500D77EF2 /* NSData+ImageContentType.m */,
				8879FF1F1BD4DF5500D77EF2 /* SDImageCache.h */,
				8879FF201BD4DF5500D77EF2 /* SDImageCache.m */,
				8879FF211BD4DF5500D77EF2 /* SDWebImageCompat.h */,
				8879FF221BD4DF5500D77EF2 /* SDWebImageCompat.m */,
				8879FF231BD4DF5500D77EF2 /* SDWebImageDecoder.h */,
				8879FF241BD4DF5500D77EF2 /* SDWebImageDecoder.m */,
				8879FF251BD4DF5500D77EF2 /* SDWebImageDownloader.h */,
				8879FF261BD4DF5500D77EF2 /* SDWebImageDownloader.m */,
				8879FF271BD4DF5500D77EF2 /* SDWebImageDownloaderOperation.h */,
				8879FF281BD4DF5500D77EF2 /* SDWebImageDownloaderOperation.m */,
				8879FF291BD4DF5500D77EF2 /* SDWebImageManager.h */,
				8879FF2A1BD4DF5500D77EF2 /* SDWebImageManager.m */,
				8879FF2B1BD4DF5500D77EF2 /* SDWebImageOperation.h */,
				8879FF2C1BD4DF5500D77EF2 /* SDWebImagePrefetcher.h */,
				8879FF2D1BD4DF5500D77EF2 /* SDWebImagePrefetcher.m */,
				8879FF2E1BD4DF5500D77EF2 /* UIButton+WebCache.h */,
				8879FF2F1BD4DF5500D77EF2 /* UIButton+WebCache.m */,
				8879FF301BD4DF5500D77EF2 /* UIImage+GIF.h */,
				8879FF311BD4DF5500D77EF2 /* UIImage+GIF.m */,
				8879FF321BD4DF5500D77EF2 /* UIImage+MultiFormat.h */,
				8879FF331BD4DF5500D77EF2 /* UIImage+MultiFormat.m */,
				8879FF341BD4DF5500D77EF2 /* UIImage+WebP.h */,
				8879FF351BD4DF5500D77EF2 /* UIImage+WebP.m */,
				8879FF361BD4DF5500D77EF2 /* UIImageView+HighlightedWebCache.h */,
				8879FF371BD4DF5500D77EF2 /* UIImageView+HighlightedWebCache.m */,
				8879FF381BD4DF5500D77EF2 /* UIImageView+WebCache.h */,
				8879FF391BD4DF5500D77EF2 /* UIImageView+WebCache.m */,
				8879FF3A1BD4DF5500D77EF2 /* UIView+WebCacheOperation.h */,
				8879FF3B1BD4DF5500D77EF2 /* UIView+WebCacheOperation.m */,
			);
			path = SDWebImage;
			sourceTree = "<group>";
		};
		88CF97451BC6821B004E0C81 /* classes */ = {
			isa = PBXGroup;
			children = (
				8879FEA51BD48CD300D77EF2 /* Tool(业务类) */,
				881C7C701BD242D6009E7285 /* OAuth */,
				88E51D331BCF935100BC42C0 /* NewFeature(新特性) */,
				88CF974E1BC6821B004E0C81 /* Main */,
				88CF974A1BC6821B004E0C81 /* Home(首页) */,
				88CF97561BC6821B004E0C81 /* Message(消息) */,
				88CF97461BC6821B004E0C81 /* Discover(发现) */,
				88CF975E1BC6821B004E0C81 /* Profile(我) */,
				88CF975A1BC6821B004E0C81 /* Others */,
			);
			path = classes;
			sourceTree = "<group>";
		};
		88CF97461BC6821B004E0C81 /* Discover(发现) */ = {
			isa = PBXGroup;
			children = (
				88CF97471BC6821B004E0C81 /* Controller */,
				88CF97481BC6821B004E0C81 /* Modal */,
				88CF97491BC6821B004E0C81 /* View */,
			);
			path = "Discover(发现)";
			sourceTree = "<group>";
		};
		88CF97471BC6821B004E0C81 /* Controller */ = {
			isa = PBXGroup;
			children = (
				886742D91BC7CAD100344180 /* RSDiscoverViewController.h */,
				886742DA1BC7CAD100344180 /* RSDiscoverViewController.m */,
			);
			path = Controller;
			sourceTree = "<group>";
		};
		88CF97481BC6821B004E0C81 /* Modal */ = {
			isa = PBXGroup;
			children = (
			);
			path = Modal;
			sourceTree = "<group>";
		};
		88CF97491BC6821B004E0C81 /* View */ = {
			isa = PBXGroup;
			children = (
				8831AB4A1BCE73C00093CBAB /* RSSearchBar.h */,
				8831AB4B1BCE73C00093CBAB /* RSSearchBar.m */,
			);
			path = View;
			sourceTree = "<group>";
		};
		88CF974A1BC6821B004E0C81 /* Home(首页) */ = {
			isa = PBXGroup;
			children = (
				88CF974B1BC6821B004E0C81 /* Controller */,
				88CF974C1BC6821B004E0C81 /* Modal */,
				88CF974D1BC6821B004E0C81 /* View */,
			);
			path = "Home(首页)";
			sourceTree = "<group>";
		};
		88CF974B1BC6821B004E0C81 /* Controller */ = {
			isa = PBXGroup;
			children = (
				886742DC1BC7CAE300344180 /* RSHomeViewController.h */,
				886742DD1BC7CAE300344180 /* RSHomeViewController.m */,
				88E1C4B31BCE27BD006FBECF /* RSMenuViewController.h */,
				88E1C4B41BCE27BD006FBECF /* RSMenuViewController.m */,
			);
			path = Controller;
			sourceTree = "<group>";
		};
		88CF974C1BC6821B004E0C81 /* Modal */ = {
			isa = PBXGroup;
			children = (
				8879FF111BD4C97D00D77EF2 /* RSStatus.h */,
				8879FF121BD4C97D00D77EF2 /* RSStatus.m */,
				8879FF141BD4CCA600D77EF2 /* RSUser.h */,
				8879FF151BD4CCA600D77EF2 /* RSUser.m */,
				8879FF171BD4CCD600D77EF2 /* RSPhoto.h */,
				8879FF181BD4CCD600D77EF2 /* RSPhoto.m */,
			);
			path = Modal;
			sourceTree = "<group>";
		};
		88CF974D1BC6821B004E0C81 /* View */ = {
			isa = PBXGroup;
			children = (
				88C4CE0B1BCCA9500055A949 /* RSTitleButton.h */,
				88C4CE0C1BCCA9500055A949 /* RSTitleButton.m */,
				88C4CE0E1BCCA9C70055A949 /* RSPopMenu.h */,
				88C4CE0F1BCCA9C70055A949 /* RSPopMenu.m */,
				88C4CE111BCCA9DC0055A949 /* RSCover.h */,
				88C4CE121BCCA9DC0055A949 /* RSCover.m */,
			);
			path = View;
			sourceTree = "<group>";
		};
		88CF974E1BC6821B004E0C81 /* Main */ = {
			isa = PBXGroup;
			children = (
				88CF974F1BC6821B004E0C81 /* Controller */,
				88CF97521BC6821B004E0C81 /* Modal */,
				88CF97531BC6821B004E0C81 /* View */,
			);
			path = Main;
			sourceTree = "<group>";
		};
		88CF974F1BC6821B004E0C81 /* Controller */ = {
			isa = PBXGroup;
			children = (
				88CF97501BC6821B004E0C81 /* RSTabBarController.h */,
				88CF97511BC6821B004E0C81 /* RSTabBarController.m */,
				886742D61BC7CA8500344180 /* RSNavigationController.h */,
				886742D71BC7CA8500344180 /* RSNavigationController.m */,
			);
			path = Controller;
			sourceTree = "<group>";
		};
		88CF97521BC6821B004E0C81 /* Modal */ = {
			isa = PBXGroup;
			children = (
			);
			path = Modal;
			sourceTree = "<group>";
		};
		88CF97531BC6821B004E0C81 /* View */ = {
			isa = PBXGroup;
			children = (
				886742E51BC8A7CE00344180 /* RSTabBar.h */,
				886742E61BC8A7CE00344180 /* RSTabBar.m */,
				886742E81BC8A9F400344180 /* RSTabBarButton.h */,
				886742E91BC8A9F400344180 /* RSTabBarButton.m */,
				886742EB1BC8AA8800344180 /* RSBadgeView.h */,
				886742EC1BC8AA8800344180 /* RSBadgeView.m */,
			);
			path = View;
			sourceTree = "<group>";
		};
		88CF97561BC6821B004E0C81 /* Message(消息) */ = {
			isa = PBXGroup;
			children = (
				88CF97571BC6821B004E0C81 /* Controller */,
				88CF97581BC6821B004E0C81 /* Modal */,
				88CF97591BC6821B004E0C81 /* View */,
			);
			path = "Message(消息)";
			sourceTree = "<group>";
		};
		88CF97571BC6821B004E0C81 /* Controller */ = {
			isa = PBXGroup;
			children = (
				886742DF1BC7CAF400344180 /* RSMessageViewController.h */,
				886742E01BC7CAF400344180 /* RSMessageViewController.m */,
			);
			path = Controller;
			sourceTree = "<group>";
		};
		88CF97581BC6821B004E0C81 /* Modal */ = {
			isa = PBXGroup;
			children = (
			);
			path = Modal;
			sourceTree = "<group>";
		};
		88CF97591BC6821B004E0C81 /* View */ = {
			isa = PBXGroup;
			children = (
			);
			path = View;
			sourceTree = "<group>";
		};
		88CF975A1BC6821B004E0C81 /* Others */ = {
			isa = PBXGroup;
			children = (
				881C7C771BD24BEA009E7285 /* Lib */,
				881C7C661BD23AEE009E7285 /* Category */,
				88CF975B1BC6821B004E0C81 /* AppDelegate.h */,
				88CF975C1BC6821B004E0C81 /* AppDelegate.m */,
				88CF975D1BC6821B004E0C81 /* main.m */,
				88D1155C1BCB8A4000A9FDF1 /* 私人定制-weibo.pch */,
			);
			path = Others;
			sourceTree = "<group>";
		};
		88CF975E1BC6821B004E0C81 /* Profile(我) */ = {
			isa = PBXGroup;
			children = (
				88CF975F1BC6821B004E0C81 /* Controller */,
				88CF97601BC6821B004E0C81 /* Modal */,
				88CF97611BC6821B004E0C81 /* View */,
			);
			path = "Profile(我)";
			sourceTree = "<group>";
		};
		88CF975F1BC6821B004E0C81 /* Controller */ = {
			isa = PBXGroup;
			children = (
				886742E21BC7CB1A00344180 /* RSProfileViewController.h */,
				886742E31BC7CB1A00344180 /* RSProfileViewController.m */,
			);
			path = Controller;
			sourceTree = "<group>";
		};
		88CF97601BC6821B004E0C81 /* Modal */ = {
			isa = PBXGroup;
			children = (
			);
			path = Modal;
			sourceTree = "<group>";
		};
		88CF97611BC6821B004E0C81 /* View */ = {
			isa = PBXGroup;
			children = (
			);
			path = View;
			sourceTree = "<group>";
		};
		88D183011BC64D8C00FABF52 = {
			isa = PBXGroup;
			children = (
				88D1830C1BC64D8C00FABF52 /* 私人定制-微博 */,
				88D183261BC64D8C00FABF52 /* 私人定制-微博Tests */,
				88D183311BC64D8D00FABF52 /* 私人定制-微博UITests */,
				88D1830B1BC64D8C00FABF52 /* Products */,
			);
			sourceTree = "<group>";
		};
		88D1830B1BC64D8C00FABF52 /* Products */ = {
			isa = PBXGroup;
			children = (
				88D1830A1BC64D8C00FABF52 /* 私人定制-微博.app */,
				88D183231BC64D8C00FABF52 /* 私人定制-微博Tests.xctest */,
				88D1832E1BC64D8D00FABF52 /* 私人定制-微博UITests.xctest */,
			);
			name = Products;
			sourceTree = "<group>";
		};
		88D1830C1BC64D8C00FABF52 /* 私人定制-微博 */ = {
			isa = PBXGroup;
			children = (
				88CF97451BC6821B004E0C81 /* classes */,
				88D1831E1BC64D8C00FABF52 /* Info.plist */,
				8831AB511BCE75780093CBAB /* Assets.xcassets */,
				88D1830D1BC64D8C00FABF52 /* Supporting Files */,
			);
			path = "私人定制-微博";
			sourceTree = "<group>";
		};
		88D1830D1BC64D8C00FABF52 /* Supporting Files */ = {
			isa = PBXGroup;
			children = (
			);
			name = "Supporting Files";
			sourceTree = "<group>";
		};
		88D183261BC64D8C00FABF52 /* 私人定制-微博Tests */ = {
			isa = PBXGroup;
			children = (
				88D183271BC64D8C00FABF52 /* _______Tests.m */,
				88D183291BC64D8C00FABF52 /* Info.plist */,
			);
			path = "私人定制-微博Tests";
			sourceTree = "<group>";
		};
		88D183311BC64D8D00FABF52 /* 私人定制-微博UITests */ = {
			isa = PBXGroup;
			children = (
				88D183321BC64D8D00FABF52 /* _______UITests.m */,
				88D183341BC64D8D00FABF52 /* Info.plist */,
			);
			path = "私人定制-微博UITests";
			sourceTree = "<group>";
		};
		88D5E78C1BD614A100B2DDEA /* Http */ = {
			isa = PBXGroup;
			children = (
				88D5E78D1BD614C100B2DDEA /* RSHttpTool.h */,
				88D5E78E1BD614C100B2DDEA /* RSHttpTool.m */,
			);
			path = Http;
			sourceTree = "<group>";
		};
		88D5E7901BD61F7100B2DDEA /* Status */ = {
			isa = PBXGroup;
			children = (
				88D5E7991BD6211600B2DDEA /* RSStatusTool.h */,
				88D5E79A1BD6211600B2DDEA /* RSStatusTool.m */,
				88D5E7911BD61F7100B2DDEA /* param */,
				88D5E7921BD61F7100B2DDEA /* result */,
			);
			path = Status;
			sourceTree = "<group>";
		};
		88D5E7911BD61F7100B2DDEA /* param */ = {
			isa = PBXGroup;
			children = (
				88D5E7931BD61F9C00B2DDEA /* RSStatusParam.h */,
				88D5E7941BD61F9C00B2DDEA /* RSStatusParam.m */,
			);
			path = param;
			sourceTree = "<group>";
		};
		88D5E7921BD61F7100B2DDEA /* result */ = {
			isa = PBXGroup;
			children = (
				88D5E79C1BD6243E00B2DDEA /* RSStatusResult.h */,
				88D5E79D1BD6243E00B2DDEA /* RSStatusResult.m */,
			);
			path = result;
			sourceTree = "<group>";
		};
		88D5E79F1BD651A700B2DDEA /* Param */ = {
			isa = PBXGroup;
			children = (
				88D5E7A01BD651BF00B2DDEA /* RSAccountParam.h */,
				88D5E7A11BD651BF00B2DDEA /* RSAccountParam.m */,
			);
			path = Param;
			sourceTree = "<group>";
		};
		88E51D331BCF935100BC42C0 /* NewFeature(新特性) */ = {
			isa = PBXGroup;
			children = (
				88E51D341BCF935100BC42C0 /* Controller */,
				88E51D351BCF935100BC42C0 /* Modal */,
				88E51D361BCF935100BC42C0 /* View */,
			);
			path = "NewFeature(新特性)";
			sourceTree = "<group>";
		};
		88E51D341BCF935100BC42C0 /* Controller */ = {
			isa = PBXGroup;
			children = (
				88E51D371BCF942100BC42C0 /* RSNewFeatureController.h */,
				88E51D381BCF942100BC42C0 /* RSNewFeatureController.m */,
			);
			path = Controller;
			sourceTree = "<group>";
		};
		88E51D351BCF935100BC42C0 /* Modal */ = {
			isa = PBXGroup;
			children = (
			);
			path = Modal;
			sourceTree = "<group>";
		};
		88E51D361BCF935100BC42C0 /* View */ = {
			isa = PBXGroup;
			children = (
				88E51D3A1BCF95B600BC42C0 /* RSNewFeatureCell.h */,
				88E51D3B1BCF95B600BC42C0 /* RSNewFeatureCell.m */,
			);
			path = View;
			sourceTree = "<group>";
		};
/* End PBXGroup section */

/* Begin PBXNativeTarget section */
		88D183091BC64D8C00FABF52 /* 私人定制-微博 */ = {
			isa = PBXNativeTarget;
			buildConfigurationList = 88D183371BC64D8D00FABF52 /* Build configuration list for PBXNativeTarget "私人定制-微博" */;
			buildPhases = (
				88D183061BC64D8C00FABF52 /* Sources */,
				88D183071BC64D8C00FABF52 /* Frameworks */,
				88D183081BC64D8C00FABF52 /* Resources */,
			);
			buildRules = (
			);
			dependencies = (
			);
			name = "私人定制-微博";
			productName = "私人定制-微博";
			productReference = 88D1830A1BC64D8C00FABF52 /* 私人定制-微博.app */;
			productType = "com.apple.product-type.application";
		};
		88D183221BC64D8C00FABF52 /* 私人定制-微博Tests */ = {
			isa = PBXNativeTarget;
			buildConfigurationList = 88D1833A1BC64D8D00FABF52 /* Build configuration list for PBXNativeTarget "私人定制-微博Tests" */;
			buildPhases = (
				88D1831F1BC64D8C00FABF52 /* Sources */,
				88D183201BC64D8C00FABF52 /* Frameworks */,
				88D183211BC64D8C00FABF52 /* Resources */,
			);
			buildRules = (
			);
			dependencies = (
				88D183251BC64D8C00FABF52 /* PBXTargetDependency */,
			);
			name = "私人定制-微博Tests";
			productName = "私人定制-微博Tests";
			productReference = 88D183231BC64D8C00FABF52 /* 私人定制-微博Tests.xctest */;
			productType = "com.apple.product-type.bundle.unit-test";
		};
		88D1832D1BC64D8C00FABF52 /* 私人定制-微博UITests */ = {
			isa = PBXNativeTarget;
			buildConfigurationList = 88D1833D1BC64D8D00FABF52 /* Build configuration list for PBXNativeTarget "私人定制-微博UITests" */;
			buildPhases = (
				88D1832A1BC64D8C00FABF52 /* Sources */,
				88D1832B1BC64D8C00FABF52 /* Frameworks */,
				88D1832C1BC64D8C00FABF52 /* Resources */,
			);
			buildRules = (
			);
			dependencies = (
				88D183301BC64D8D00FABF52 /* PBXTargetDependency */,
			);
			name = "私人定制-微博UITests";
			productName = "私人定制-微博UITests";
			productReference = 88D1832E1BC64D8D00FABF52 /* 私人定制-微博UITests.xctest */;
			productType = "com.apple.product-type.bundle.ui-testing";
		};
/* End PBXNativeTarget section */

/* Begin PBXProject section */
		88D183021BC64D8C00FABF52 /* Project object */ = {
			isa = PBXProject;
			attributes = {
				CLASSPREFIX = RS;
				LastUpgradeCheck = 0700;
				ORGANIZATIONNAME = "Roland Sung";
				TargetAttributes = {
					88D183091BC64D8C00FABF52 = {
						CreatedOnToolsVersion = 7.0.1;
						DevelopmentTeam = QFU8235VDL;
					};
					88D183221BC64D8C00FABF52 = {
						CreatedOnToolsVersion = 7.0.1;
						DevelopmentTeam = QFU8235VDL;
						TestTargetID = 88D183091BC64D8C00FABF52;
					};
					88D1832D1BC64D8C00FABF52 = {
						CreatedOnToolsVersion = 7.0.1;
						DevelopmentTeam = QFU8235VDL;
						TestTargetID = 88D183091BC64D8C00FABF52;
					};
				};
			};
			buildConfigurationList = 88D183051BC64D8C00FABF52 /* Build configuration list for PBXProject "私人定制-微博" */;
			compatibilityVersion = "Xcode 3.2";
			developmentRegion = English;
			hasScannedForEncodings = 0;
			knownRegions = (
				en,
				Base,
			);
			mainGroup = 88D183011BC64D8C00FABF52;
			productRefGroup = 88D1830B1BC64D8C00FABF52 /* Products */;
			projectDirPath = "";
			projectRoot = "";
			targets = (
				88D183091BC64D8C00FABF52 /* 私人定制-微博 */,
				88D183221BC64D8C00FABF52 /* 私人定制-微博Tests */,
				88D1832D1BC64D8C00FABF52 /* 私人定制-微博UITests */,
			);
		};
/* End PBXProject section */

/* Begin PBXResourcesBuildPhase section */
		88D183081BC64D8C00FABF52 /* Resources */ = {
			isa = PBXResourcesBuildPhase;
			buildActionMask = 2147483647;
			files = (
				8879FF0C1BD4C8CB00D77EF2 /* MJRefresh.bundle in Resources */,
				8831AB521BCE75780093CBAB /* Assets.xcassets in Resources */,
			);
			runOnlyForDeploymentPostprocessing = 0;
		};
		88D183211BC64D8C00FABF52 /* Resources */ = {
			isa = PBXResourcesBuildPhase;
			buildActionMask = 2147483647;
			files = (
			);
			runOnlyForDeploymentPostprocessing = 0;
		};
		88D1832C1BC64D8C00FABF52 /* Resources */ = {
			isa = PBXResourcesBuildPhase;
			buildActionMask = 2147483647;
			files = (
			);
			runOnlyForDeploymentPostprocessing = 0;
		};
/* End PBXResourcesBuildPhase section */

/* Begin PBXSourcesBuildPhase section */
		88D183061BC64D8C00FABF52 /* Sources */ = {
			isa = PBXSourcesBuildPhase;
			buildActionMask = 2147483647;
			files = (
				8879FF461BD4DF5600D77EF2 /* UIImage+GIF.m in Sources */,
				8879FE9D1BD473DD00D77EF2 /* AFSecurityPolicy.m in Sources */,
				88D5E79B1BD6211600B2DDEA /* RSStatusTool.m in Sources */,
				8879FF161BD4CCA600D77EF2 /* RSUser.m in Sources */,
				88E1C4B51BCE27BD006FBECF /* RSMenuViewController.m in Sources */,
				8879FEA41BD4891000D77EF2 /* RSAccount.m in Sources */,
				8879FF421BD4DF5500D77EF2 /* SDWebImageDownloaderOperation.m in Sources */,
				886742E71BC8A7CE00344180 /* RSTabBar.m in Sources */,
				8879FF131BD4C97D00D77EF2 /* RSStatus.m in Sources */,
				8879FECE1BD4C8B900D77EF2 /* NSObject+MJKeyValue.m in Sources */,
				8879FEC91BD4C8B900D77EF2 /* MJProperty.m in Sources */,
				8879FEFF1BD4C8CB00D77EF2 /* MJRefreshBackFooter.m in Sources */,
				881C7C7B1BD24BEA009E7285 /* MBProgressHUD.m in Sources */,
				88D5E7951BD61F9C00B2DDEA /* RSStatusParam.m in Sources */,
				886742D81BC7CA8500344180 /* RSNavigationController.m in Sources */,
				8879FECA1BD4C8B900D77EF2 /* MJPropertyKey.m in Sources */,
				8879FF0D1BD4C8CB00D77EF2 /* MJRefreshConst.m in Sources */,
				8879FF451BD4DF5600D77EF2 /* UIButton+WebCache.m in Sources */,
				8879FE9E1BD473DD00D77EF2 /* AFURLConnectionOperation.m in Sources */,
				8879FF081BD4C8CB00D77EF2 /* MJRefreshBackStateFooter.m in Sources */,
				88C4CE131BCCA9DC0055A949 /* RSCover.m in Sources */,
				8879FF3D1BD4DF5500D77EF2 /* NSData+ImageContentType.m in Sources */,
				886742ED1BC8AA8800344180 /* RSBadgeView.m in Sources */,
				886742EA1BC8A9F400344180 /* RSTabBarButton.m in Sources */,
				8879FEA11BD473DD00D77EF2 /* AFURLSessionManager.m in Sources */,
				881C7C6E1BD23AEE009E7285 /* UIImage+RSImage.m in Sources */,
				88E51D391BCF942200BC42C0 /* RSNewFeatureController.m in Sources */,
				881C7C761BD2433A009E7285 /* RSOAuthController.m in Sources */,
				8879FF191BD4CCD600D77EF2 /* RSPhoto.m in Sources */,
				8879FEAA1BD48D0600D77EF2 /* RSAccountTool.m in Sources */,
				88CF97621BC6821B004E0C81 /* RSTabBarController.m in Sources */,
				8831AB4C1BCE73C00093CBAB /* RSSearchBar.m in Sources */,
				8879FEA01BD473DD00D77EF2 /* AFURLResponseSerialization.m in Sources */,
				8879FE9A1BD473DD00D77EF2 /* AFHTTPRequestOperationManager.m in Sources */,
				8879FEC81BD4C8B900D77EF2 /* MJFoundation.m in Sources */,
				8879FF471BD4DF5600D77EF2 /* UIImage+MultiFormat.m in Sources */,
				88D5E78F1BD614C100B2DDEA /* RSHttpTool.m in Sources */,
				8879FF0B1BD4C8CB00D77EF2 /* MJRefreshStateHeader.m in Sources */,
				8879FE991BD473DD00D77EF2 /* AFHTTPRequestOperation.m in Sources */,
				88C4CE101BCCA9C70055A949 /* RSPopMenu.m in Sources */,
				886742E41BC7CB1A00344180 /* RSProfileViewController.m in Sources */,
				886742DE1BC7CAE300344180 /* RSHomeViewController.m in Sources */,
				8879FF021BD4C8CB00D77EF2 /* MJRefreshHeader.m in Sources */,
				8879FF0F1BD4C8CB00D77EF2 /* UIScrollView+MJRefresh.m in Sources */,
				8879FF071BD4C8CB00D77EF2 /* MJRefreshBackNormalFooter.m in Sources */,
				8879FF3F1BD4DF5500D77EF2 /* SDWebImageCompat.m in Sources */,
				88CF97651BC6821B004E0C81 /* main.m in Sources */,
				8879FF441BD4DF5500D77EF2 /* SDWebImagePrefetcher.m in Sources */,
				886742E11BC7CAF400344180 /* RSMessageViewController.m in Sources */,
				8879FF431BD4DF5500D77EF2 /* SDWebImageManager.m in Sources */,
				8879FE9C1BD473DD00D77EF2 /* AFNetworkReachabilityManager.m in Sources */,
				8879FECB1BD4C8B900D77EF2 /* MJPropertyType.m in Sources */,
				8879FECD1BD4C8B900D77EF2 /* NSObject+MJCoding.m in Sources */,
				8879FF101BD4C8CB00D77EF2 /* UIView+MJExtension.m in Sources */,
				886742DB1BC7CAD100344180 /* RSDiscoverViewController.m in Sources */,
				881C7C6D1BD23AEE009E7285 /* UIBarButtonItem+RSItem.m in Sources */,
				88E51D3C1BCF95B600BC42C0 /* RSNewFeatureCell.m in Sources */,
				8879FF411BD4DF5500D77EF2 /* SDWebImageDownloader.m in Sources */,
				8879FECC1BD4C8B900D77EF2 /* NSObject+MJClass.m in Sources */,
				8879FF061BD4C8CB00D77EF2 /* MJRefreshBackGifFooter.m in Sources */,
				88CF97641BC6821B004E0C81 /* AppDelegate.m in Sources */,
				8879FECF1BD4C8B900D77EF2 /* NSObject+MJProperty.m in Sources */,
				8879FF401BD4DF5500D77EF2 /* SDWebImageDecoder.m in Sources */,
				881C7C6F1BD23AEE009E7285 /* UIView+RSFrame.m in Sources */,
				8879FF0A1BD4C8CB00D77EF2 /* MJRefreshNormalHeader.m in Sources */,
				8879FEAD1BD4958C00D77EF2 /* RSRootVCTool.m in Sources */,
				8879FE9F1BD473DD00D77EF2 /* AFURLRequestSerialization.m in Sources */,
				88D5E79E1BD6243E00B2DDEA /* RSStatusResult.m in Sources */,
				8879FF031BD4C8CB00D77EF2 /* MJRefreshAutoGifFooter.m in Sources */,
				8879FF051BD4C8CB00D77EF2 /* MJRefreshAutoStateFooter.m in Sources */,
				8879FF4B1BD4DF5600D77EF2 /* UIView+WebCacheOperation.m in Sources */,
				88C4CE0D1BCCA9500055A949 /* RSTitleButton.m in Sources */,
				8879FF481BD4DF5600D77EF2 /* UIImage+WebP.m in Sources */,
				8879FED01BD4C8B900D77EF2 /* NSString+MJExtension.m in Sources */,
				8879FF091BD4C8CB00D77EF2 /* MJRefreshGifHeader.m in Sources */,
				8879FF4A1BD4DF5600D77EF2 /* UIImageView+WebCache.m in Sources */,
				8879FEC71BD4C8B900D77EF2 /* MJExtensionConst.m in Sources */,
				8879FEFE1BD4C8CB00D77EF2 /* MJRefreshAutoFooter.m in Sources */,
				88D5E7A21BD651C000B2DDEA /* RSAccountParam.m in Sources */,
				8879FF491BD4DF5600D77EF2 /* UIImageView+HighlightedWebCache.m in Sources */,
				8879FF041BD4C8CB00D77EF2 /* MJRefreshAutoNormalFooter.m in Sources */,
				8879FF001BD4C8CB00D77EF2 /* MJRefreshComponent.m in Sources */,
				8879FE9B1BD473DD00D77EF2 /* AFHTTPSessionManager.m in Sources */,
				8879FEC61BD4C8B900D77EF2 /* MJDictionaryCache.m in Sources */,
				8879FF3C1BD4DF5500D77EF2 /* MKAnnotationView+WebCache.m in Sources */,
				8879FF0E1BD4C8CB00D77EF2 /* UIScrollView+MJExtension.m in Sources */,
				8879FF011BD4C8CB00D77EF2 /* MJRefreshFooter.m in Sources */,
				8879FF3E1BD4DF5500D77EF2 /* SDImageCache.m in Sources */,
			);
			runOnlyForDeploymentPostprocessing = 0;
		};
		88D1831F1BC64D8C00FABF52 /* Sources */ = {
			isa = PBXSourcesBuildPhase;
			buildActionMask = 2147483647;
			files = (
				88D183281BC64D8C00FABF52 /* _______Tests.m in Sources */,
			);
			runOnlyForDeploymentPostprocessing = 0;
		};
		88D1832A1BC64D8C00FABF52 /* Sources */ = {
			isa = PBXSourcesBuildPhase;
			buildActionMask = 2147483647;
			files = (
				88D183331BC64D8D00FABF52 /* _______UITests.m in Sources */,
			);
			runOnlyForDeploymentPostprocessing = 0;
		};
/* End PBXSourcesBuildPhase section */

/* Begin PBXTargetDependency section */
		88D183251BC64D8C00FABF52 /* PBXTargetDependency */ = {
			isa = PBXTargetDependency;
			target = 88D183091BC64D8C00FABF52 /* 私人定制-微博 */;
			targetProxy = 88D183241BC64D8C00FABF52 /* PBXContainerItemProxy */;
		};
		88D183301BC64D8D00FABF52 /* PBXTargetDependency */ = {
			isa = PBXTargetDependency;
			target = 88D183091BC64D8C00FABF52 /* 私人定制-微博 */;
			targetProxy = 88D1832F1BC64D8D00FABF52 /* PBXContainerItemProxy */;
		};
/* End PBXTargetDependency section */

/* Begin XCBuildConfiguration section */
		88D183351BC64D8D00FABF52 /* Debug */ = {
			isa = XCBuildConfiguration;
			buildSettings = {
				ALWAYS_SEARCH_USER_PATHS = NO;
				CLANG_CXX_LANGUAGE_STANDARD = "gnu++0x";
				CLANG_CXX_LIBRARY = "libc++";
				CLANG_ENABLE_MODULES = YES;
				CLANG_ENABLE_OBJC_ARC = YES;
				CLANG_WARN_BOOL_CONVERSION = YES;
				CLANG_WARN_CONSTANT_CONVERSION = YES;
				CLANG_WARN_DIRECT_OBJC_ISA_USAGE = YES_ERROR;
				CLANG_WARN_EMPTY_BODY = YES;
				CLANG_WARN_ENUM_CONVERSION = YES;
				CLANG_WARN_INT_CONVERSION = YES;
				CLANG_WARN_OBJC_ROOT_CLASS = YES_ERROR;
				CLANG_WARN_UNREACHABLE_CODE = YES;
				CLANG_WARN__DUPLICATE_METHOD_MATCH = YES;
				"CODE_SIGN_IDENTITY[sdk=iphoneos*]" = "iPhone Developer";
				COPY_PHASE_STRIP = NO;
				DEBUG_INFORMATION_FORMAT = dwarf;
				ENABLE_STRICT_OBJC_MSGSEND = YES;
				ENABLE_TESTABILITY = YES;
				GCC_C_LANGUAGE_STANDARD = gnu99;
				GCC_DYNAMIC_NO_PIC = NO;
				GCC_NO_COMMON_BLOCKS = YES;
				GCC_OPTIMIZATION_LEVEL = 0;
				GCC_PREPROCESSOR_DEFINITIONS = (
					"DEBUG=1",
					"$(inherited)",
				);
				GCC_WARN_64_TO_32_BIT_CONVERSION = YES;
				GCC_WARN_ABOUT_RETURN_TYPE = YES_ERROR;
				GCC_WARN_UNDECLARED_SELECTOR = YES;
				GCC_WARN_UNINITIALIZED_AUTOS = YES_AGGRESSIVE;
				GCC_WARN_UNUSED_FUNCTION = YES;
				GCC_WARN_UNUSED_VARIABLE = YES;
				IPHONEOS_DEPLOYMENT_TARGET = 9.0;
				MTL_ENABLE_DEBUG_INFO = YES;
				ONLY_ACTIVE_ARCH = YES;
				SDKROOT = iphoneos;
			};
			name = Debug;
		};
		88D183361BC64D8D00FABF52 /* Release */ = {
			isa = XCBuildConfiguration;
			buildSettings = {
				ALWAYS_SEARCH_USER_PATHS = NO;
				CLANG_CXX_LANGUAGE_STANDARD = "gnu++0x";
				CLANG_CXX_LIBRARY = "libc++";
				CLANG_ENABLE_MODULES = YES;
				CLANG_ENABLE_OBJC_ARC = YES;
				CLANG_WARN_BOOL_CONVERSION = YES;
				CLANG_WARN_CONSTANT_CONVERSION = YES;
				CLANG_WARN_DIRECT_OBJC_ISA_USAGE = YES_ERROR;
				CLANG_WARN_EMPTY_BODY = YES;
				CLANG_WARN_ENUM_CONVERSION = YES;
				CLANG_WARN_INT_CONVERSION = YES;
				CLANG_WARN_OBJC_ROOT_CLASS = YES_ERROR;
				CLANG_WARN_UNREACHABLE_CODE = YES;
				CLANG_WARN__DUPLICATE_METHOD_MATCH = YES;
				"CODE_SIGN_IDENTITY[sdk=iphoneos*]" = "iPhone Developer";
				COPY_PHASE_STRIP = NO;
				DEBUG_INFORMATION_FORMAT = "dwarf-with-dsym";
				ENABLE_NS_ASSERTIONS = NO;
				ENABLE_STRICT_OBJC_MSGSEND = YES;
				GCC_C_LANGUAGE_STANDARD = gnu99;
				GCC_NO_COMMON_BLOCKS = YES;
				GCC_WARN_64_TO_32_BIT_CONVERSION = YES;
				GCC_WARN_ABOUT_RETURN_TYPE = YES_ERROR;
				GCC_WARN_UNDECLARED_SELECTOR = YES;
				GCC_WARN_UNINITIALIZED_AUTOS = YES_AGGRESSIVE;
				GCC_WARN_UNUSED_FUNCTION = YES;
				GCC_WARN_UNUSED_VARIABLE = YES;
				IPHONEOS_DEPLOYMENT_TARGET = 9.0;
				MTL_ENABLE_DEBUG_INFO = NO;
				SDKROOT = iphoneos;
				VALIDATE_PRODUCT = YES;
			};
			name = Release;
		};
		88D183381BC64D8D00FABF52 /* Debug */ = {
			isa = XCBuildConfiguration;
			buildSettings = {
				ASSETCATALOG_COMPILER_APPICON_NAME = AppIcon;
				ASSETCATALOG_COMPILER_LAUNCHIMAGE_NAME = BrandAsset;
				GCC_PREFIX_HEADER = "私人定制-微博/classes/Others/私人定制-weibo.pch";
				INFOPLIST_FILE = "私人定制-微博/Info.plist";
				IPHONEOS_DEPLOYMENT_TARGET = 7.1;
				LD_RUNPATH_SEARCH_PATHS = "$(inherited) @executable_path/Frameworks";
				PRODUCT_BUNDLE_IDENTIFIER = "org.song.-------";
				PRODUCT_NAME = "$(TARGET_NAME)";
			};
			name = Debug;
		};
		88D183391BC64D8D00FABF52 /* Release */ = {
			isa = XCBuildConfiguration;
			buildSettings = {
				ASSETCATALOG_COMPILER_APPICON_NAME = AppIcon;
				ASSETCATALOG_COMPILER_LAUNCHIMAGE_NAME = BrandAsset;
				GCC_PREFIX_HEADER = "私人定制-微博/classes/Others/私人定制-weibo.pch";
				INFOPLIST_FILE = "私人定制-微博/Info.plist";
				IPHONEOS_DEPLOYMENT_TARGET = 7.1;
				LD_RUNPATH_SEARCH_PATHS = "$(inherited) @executable_path/Frameworks";
				PRODUCT_BUNDLE_IDENTIFIER = "org.song.-------";
				PRODUCT_NAME = "$(TARGET_NAME)";
			};
			name = Release;
		};
		88D1833B1BC64D8D00FABF52 /* Debug */ = {
			isa = XCBuildConfiguration;
			buildSettings = {
				BUNDLE_LOADER = "$(TEST_HOST)";
				INFOPLIST_FILE = "私人定制-微博Tests/Info.plist";
				LD_RUNPATH_SEARCH_PATHS = "$(inherited) @executable_path/Frameworks @loader_path/Frameworks";
				PRODUCT_BUNDLE_IDENTIFIER = "org.song.-------Tests";
				PRODUCT_NAME = "$(TARGET_NAME)";
				TEST_HOST = "$(BUILT_PRODUCTS_DIR)/私人定制-微博.app/私人定制-微博";
			};
			name = Debug;
		};
		88D1833C1BC64D8D00FABF52 /* Release */ = {
			isa = XCBuildConfiguration;
			buildSettings = {
				BUNDLE_LOADER = "$(TEST_HOST)";
				INFOPLIST_FILE = "私人定制-微博Tests/Info.plist";
				LD_RUNPATH_SEARCH_PATHS = "$(inherited) @executable_path/Frameworks @loader_path/Frameworks";
				PRODUCT_BUNDLE_IDENTIFIER = "org.song.-------Tests";
				PRODUCT_NAME = "$(TARGET_NAME)";
				TEST_HOST = "$(BUILT_PRODUCTS_DIR)/私人定制-微博.app/私人定制-微博";
			};
			name = Release;
		};
		88D1833E1BC64D8D00FABF52 /* Debug */ = {
			isa = XCBuildConfiguration;
			buildSettings = {
				INFOPLIST_FILE = "私人定制-微博UITests/Info.plist";
				LD_RUNPATH_SEARCH_PATHS = "$(inherited) @executable_path/Frameworks @loader_path/Frameworks";
				PRODUCT_BUNDLE_IDENTIFIER = "org.song.-------UITests";
				PRODUCT_NAME = "$(TARGET_NAME)";
				TEST_TARGET_NAME = "私人定制-微博";
				USES_XCTRUNNER = YES;
			};
			name = Debug;
		};
		88D1833F1BC64D8D00FABF52 /* Release */ = {
			isa = XCBuildConfiguration;
			buildSettings = {
				INFOPLIST_FILE = "私人定制-微博UITests/Info.plist";
				LD_RUNPATH_SEARCH_PATHS = "$(inherited) @executable_path/Frameworks @loader_path/Frameworks";
				PRODUCT_BUNDLE_IDENTIFIER = "org.song.-------UITests";
				PRODUCT_NAME = "$(TARGET_NAME)";
				TEST_TARGET_NAME = "私人定制-微博";
				USES_XCTRUNNER = YES;
			};
			name = Release;
		};
/* End XCBuildConfiguration section */

/* Begin XCConfigurationList section */
		88D183051BC64D8C00FABF52 /* Build configuration list for PBXProject "私人定制-微博" */ = {
			isa = XCConfigurationList;
			buildConfigurations = (
				88D183351BC64D8D00FABF52 /* Debug */,
				88D183361BC64D8D00FABF52 /* Release */,
			);
			defaultConfigurationIsVisible = 0;
			defaultConfigurationName = Release;
		};
		88D183371BC64D8D00FABF52 /* Build configuration list for PBXNativeTarget "私人定制-微博" */ = {
			isa = XCConfigurationList;
			buildConfigurations = (
				88D183381BC64D8D00FABF52 /* Debug */,
				88D183391BC64D8D00FABF52 /* Release */,
			);
			defaultConfigurationIsVisible = 0;
			defaultConfigurationName = Release;
		};
		88D1833A1BC64D8D00FABF52 /* Build configuration list for PBXNativeTarget "私人定制-微博Tests" */ = {
			isa = XCConfigurationList;
			buildConfigurations = (
				88D1833B1BC64D8D00FABF52 /* Debug */,
				88D1833C1BC64D8D00FABF52 /* Release */,
			);
			defaultConfigurationIsVisible = 0;
			defaultConfigurationName = Release;
		};
		88D1833D1BC64D8D00FABF52 /* Build configuration list for PBXNativeTarget "私人定制-微博UITests" */ = {
			isa = XCConfigurationList;
			buildConfigurations = (
				88D1833E1BC64D8D00FABF52 /* Debug */,
				88D1833F1BC64D8D00FABF52 /* Release */,
			);
			defaultConfigurationIsVisible = 0;
			defaultConfigurationName = Release;
		};
/* End XCConfigurationList section */
	};
	rootObject = 88D183021BC64D8C00FABF52 /* Project object */;
}
